// !$*UTF8*$!
{
	archiveVersion = 1;
	classes = {
	};
	objectVersion = 46;
	objects = {

/* Begin PBXBuildFile section */
		3700DD69183AD32800AF79C7 /* Cocoa.framework in Frameworks */ = {isa = PBXBuildFile; fileRef = 37A6A02718386B0A002604B0 /* Cocoa.framework */; };
		3700DD73183AD32900AF79C7 /* InfoPlist.strings in Resources */ = {isa = PBXBuildFile; fileRef = 3700DD71183AD32900AF79C7 /* InfoPlist.strings */; };
		3700DD90183AD36700AF79C7 /* Security.framework in Frameworks */ = {isa = PBXBuildFile; fileRef = 37A6A02918386B22002604B0 /* Security.framework */; };
		3700DD91183AD36E00AF79C7 /* CoreFoundation.framework in Frameworks */ = {isa = PBXBuildFile; fileRef = 37E3D5E6172D647A00F54DC9 /* CoreFoundation.framework */; };
		3700DD92183AD37E00AF79C7 /* libxml2.dylib in Frameworks */ = {isa = PBXBuildFile; fileRef = 37A2E1CB1756963C0086CBE7 /* libxml2.dylib */; };
		3700DD93183AD39300AF79C7 /* librasqal.3.dylib in Frameworks */ = {isa = PBXBuildFile; fileRef = 37C37A521739472A0078C98F /* librasqal.3.dylib */; };
		3700DD94183AD39300AF79C7 /* libraptor2.0.dylib in Frameworks */ = {isa = PBXBuildFile; fileRef = 37C37A4D1738089E0078C98F /* libraptor2.0.dylib */; };
		3700DD95183AD39300AF79C7 /* librdf.0.dylib in Frameworks */ = {isa = PBXBuildFile; fileRef = 379247E217ADA46200597746 /* librdf.0.dylib */; };
		3700DD96183AD39700AF79C7 /* System.framework in Frameworks */ = {isa = PBXBuildFile; fileRef = 37BF086E176718A2008B11F8 /* System.framework */; };
		3700DD97183AD3A000AF79C7 /* Foundation.framework in Frameworks */ = {isa = PBXBuildFile; fileRef = 3700DD6B183AD32800AF79C7 /* Foundation.framework */; };
		3700DD9A183AD43400AF79C7 /* GTWErrorLogger.m in Sources */ = {isa = PBXBuildFile; fileRef = 3700DD06183ACFC300AF79C7 /* GTWErrorLogger.m */; };
		3700DD9D183AD43400AF79C7 /* GTWSPARQLDataSourcePlugin.m in Sources */ = {isa = PBXBuildFile; fileRef = 3700DD0E183ACFC300AF79C7 /* GTWSPARQLDataSourcePlugin.m */; };
		3700DD9E183AD43400AF79C7 /* GTWExpressionEvaluationContext.m in Sources */ = {isa = PBXBuildFile; fileRef = 3700DD11183ACFC300AF79C7 /* GTWExpressionEvaluationContext.m */; };
		3700DD9F183AD43400AF79C7 /* GTWSimpleQueryEngine.m in Sources */ = {isa = PBXBuildFile; fileRef = 3700DD13183ACFC300AF79C7 /* GTWSimpleQueryEngine.m */; };
		3700DDA0183AD43400AF79C7 /* GTWQueryPlanner.m in Sources */ = {isa = PBXBuildFile; fileRef = 3700DD16183ACFC300AF79C7 /* GTWQueryPlanner.m */; };
		3700DDA3183AD43400AF79C7 /* GTWNQuadsSerializer.m in Sources */ = {isa = PBXBuildFile; fileRef = 3700DD1E183ACFC300AF79C7 /* GTWNQuadsSerializer.m */; };
		3700DDA4183AD43400AF79C7 /* GTWNTriplesSerializer.m in Sources */ = {isa = PBXBuildFile; fileRef = 3700DD20183ACFC300AF79C7 /* GTWNTriplesSerializer.m */; };
		3700DDA5183AD43400AF79C7 /* GTWSPARQLResultsTextTableSerializer.m in Sources */ = {isa = PBXBuildFile; fileRef = 3700DD22183ACFC300AF79C7 /* GTWSPARQLResultsTextTableSerializer.m */; };
		3700DDA6183AD43400AF79C7 /* GTWSPARQLResultsXMLSerializer.m in Sources */ = {isa = PBXBuildFile; fileRef = 3700DD24183ACFC300AF79C7 /* GTWSPARQLResultsXMLSerializer.m */; };
		3700DDAA183AD43400AF79C7 /* GTWExpression.m in Sources */ = {isa = PBXBuildFile; fileRef = 3700DD2E183ACFC300AF79C7 /* GTWExpression.m */; };
		3700DDAB183AD43400AF79C7 /* GTWTree.m in Sources */ = {isa = PBXBuildFile; fileRef = 3700DD30183ACFC300AF79C7 /* GTWTree.m */; };
		3700DDAC183AD43400AF79C7 /* NSObject+GTWTree.m in Sources */ = {isa = PBXBuildFile; fileRef = 3700DD32183ACFC300AF79C7 /* NSObject+GTWTree.m */; };
		3700DDAD183AD43400AF79C7 /* GTWBlankNodeRenamer.m in Sources */ = {isa = PBXBuildFile; fileRef = 3700DD35183ACFC300AF79C7 /* GTWBlankNodeRenamer.m */; };
		3700DDAF183AD43400AF79C7 /* NSDate+W3CDTFSupport.m in Sources */ = {isa = PBXBuildFile; fileRef = 3700DD39183ACFC300AF79C7 /* NSDate+W3CDTFSupport.m */; };
		3700DDB0183AD43400AF79C7 /* NSObject+NSDictionary_QueryBindings.m in Sources */ = {isa = PBXBuildFile; fileRef = 3700DD3B183ACFC300AF79C7 /* NSObject+NSDictionary_QueryBindings.m */; };
		3700DDB4183AD46100AF79C7 /* GTWErrorLogger.h in Headers */ = {isa = PBXBuildFile; fileRef = 3700DD05183ACFC300AF79C7 /* GTWErrorLogger.h */; settings = {ATTRIBUTES = (Public, ); }; };
		3700DDB7183AD46100AF79C7 /* GTWSPARQLDataSourcePlugin.h in Headers */ = {isa = PBXBuildFile; fileRef = 3700DD0D183ACFC300AF79C7 /* GTWSPARQLDataSourcePlugin.h */; settings = {ATTRIBUTES = (Public, ); }; };
		3700DDB8183AD46100AF79C7 /* GTWExpressionEvaluationContext.h in Headers */ = {isa = PBXBuildFile; fileRef = 3700DD10183ACFC300AF79C7 /* GTWExpressionEvaluationContext.h */; settings = {ATTRIBUTES = (Public, ); }; };
		3700DDB9183AD46100AF79C7 /* GTWSimpleQueryEngine.h in Headers */ = {isa = PBXBuildFile; fileRef = 3700DD12183ACFC300AF79C7 /* GTWSimpleQueryEngine.h */; settings = {ATTRIBUTES = (Public, ); }; };
		3700DDBA183AD46100AF79C7 /* GTWQueryPlanner.h in Headers */ = {isa = PBXBuildFile; fileRef = 3700DD15183ACFC300AF79C7 /* GTWQueryPlanner.h */; settings = {ATTRIBUTES = (Public, ); }; };
		3700DDBD183AD46100AF79C7 /* GTWNQuadsSerializer.h in Headers */ = {isa = PBXBuildFile; fileRef = 3700DD1D183ACFC300AF79C7 /* GTWNQuadsSerializer.h */; settings = {ATTRIBUTES = (Public, ); }; };
		3700DDBE183AD46100AF79C7 /* GTWNTriplesSerializer.h in Headers */ = {isa = PBXBuildFile; fileRef = 3700DD1F183ACFC300AF79C7 /* GTWNTriplesSerializer.h */; settings = {ATTRIBUTES = (Public, ); }; };
		3700DDBF183AD46100AF79C7 /* GTWSPARQLResultsTextTableSerializer.h in Headers */ = {isa = PBXBuildFile; fileRef = 3700DD21183ACFC300AF79C7 /* GTWSPARQLResultsTextTableSerializer.h */; settings = {ATTRIBUTES = (Public, ); }; };
		3700DDC0183AD46100AF79C7 /* GTWSPARQLResultsXMLSerializer.h in Headers */ = {isa = PBXBuildFile; fileRef = 3700DD23183ACFC300AF79C7 /* GTWSPARQLResultsXMLSerializer.h */; settings = {ATTRIBUTES = (Public, ); }; };
		3700DDC4183AD46100AF79C7 /* GTWExpression.h in Headers */ = {isa = PBXBuildFile; fileRef = 3700DD2D183ACFC300AF79C7 /* GTWExpression.h */; settings = {ATTRIBUTES = (Public, ); }; };
		3700DDC5183AD46100AF79C7 /* GTWTree.h in Headers */ = {isa = PBXBuildFile; fileRef = 3700DD2F183ACFC300AF79C7 /* GTWTree.h */; settings = {ATTRIBUTES = (Public, ); }; };
		3700DDC6183AD46100AF79C7 /* NSObject+GTWTree.h in Headers */ = {isa = PBXBuildFile; fileRef = 3700DD31183ACFC300AF79C7 /* NSObject+GTWTree.h */; settings = {ATTRIBUTES = (Public, ); }; };
		3700DDC7183AD46100AF79C7 /* GTWBlankNodeRenamer.h in Headers */ = {isa = PBXBuildFile; fileRef = 3700DD34183ACFC300AF79C7 /* GTWBlankNodeRenamer.h */; settings = {ATTRIBUTES = (Public, ); }; };
		3700DDC9183AD46100AF79C7 /* NSDate+W3CDTFSupport.h in Headers */ = {isa = PBXBuildFile; fileRef = 3700DD38183ACFC300AF79C7 /* NSDate+W3CDTFSupport.h */; settings = {ATTRIBUTES = (Public, ); }; };
		3700DDCA183AD46100AF79C7 /* NSObject+NSDictionary_QueryBindings.h in Headers */ = {isa = PBXBuildFile; fileRef = 3700DD3A183ACFC300AF79C7 /* NSObject+NSDictionary_QueryBindings.h */; settings = {ATTRIBUTES = (Public, ); }; };
		3700DDCB183AD47400AF79C7 /* GTWSWBase.framework in Frameworks */ = {isa = PBXBuildFile; fileRef = 37A2619618048FB2008AFED4 /* GTWSWBase.framework */; };
		3700DDCD183B111300AF79C7 /* SPARQLKit.h in Headers */ = {isa = PBXBuildFile; fileRef = 3700DDCC183B111300AF79C7 /* SPARQLKit.h */; settings = {ATTRIBUTES = (Public, ); }; };
		3700DDDB183B15C100AF79C7 /* SPARQLKit.framework in Frameworks */ = {isa = PBXBuildFile; fileRef = 3700DDDA183B15C100AF79C7 /* SPARQLKit.framework */; };
		3700DDDC183B160200AF79C7 /* main.m in Sources */ = {isa = PBXBuildFile; fileRef = 37E3D5E9172D647A00F54DC9 /* main.m */; };
		3700DDDD183B160200AF79C7 /* GCDAsyncSocket.m in Sources */ = {isa = PBXBuildFile; fileRef = 37A6A00C18386A90002604B0 /* GCDAsyncSocket.m */; };
		3700DDDE183B160200AF79C7 /* DDAbstractDatabaseLogger.m in Sources */ = {isa = PBXBuildFile; fileRef = 37A6A01018386A90002604B0 /* DDAbstractDatabaseLogger.m */; };
		3700DDDF183B160200AF79C7 /* DDASLLogger.m in Sources */ = {isa = PBXBuildFile; fileRef = 37A6A01218386A90002604B0 /* DDASLLogger.m */; };
		3700DDE0183B160200AF79C7 /* DDFileLogger.m in Sources */ = {isa = PBXBuildFile; fileRef = 37A6A01418386A90002604B0 /* DDFileLogger.m */; };
		3700DDE1183B160200AF79C7 /* DDLog.m in Sources */ = {isa = PBXBuildFile; fileRef = 37A6A01618386A90002604B0 /* DDLog.m */; };
		3700DDE2183B160200AF79C7 /* DDTTYLogger.m in Sources */ = {isa = PBXBuildFile; fileRef = 37A6A01818386A90002604B0 /* DDTTYLogger.m */; };
		3700DDE3183B160200AF79C7 /* ContextFilterLogFormatter.m in Sources */ = {isa = PBXBuildFile; fileRef = 37A6A01B18386A90002604B0 /* ContextFilterLogFormatter.m */; };
		3700DDE4183B160200AF79C7 /* DispatchQueueLogFormatter.m in Sources */ = {isa = PBXBuildFile; fileRef = 37A6A01D18386A90002604B0 /* DispatchQueueLogFormatter.m */; };
		3700DDE5183B160200AF79C7 /* DDData.m in Sources */ = {isa = PBXBuildFile; fileRef = 37A69FD3183869DD002604B0 /* DDData.m */; };
		3700DDE6183B160200AF79C7 /* DDNumber.m in Sources */ = {isa = PBXBuildFile; fileRef = 37A69FD5183869DD002604B0 /* DDNumber.m */; };
		3700DDE7183B160200AF79C7 /* DDRange.m in Sources */ = {isa = PBXBuildFile; fileRef = 37A69FD7183869DD002604B0 /* DDRange.m */; };
		3700DDE8183B160200AF79C7 /* HTTPAuthenticationRequest.m in Sources */ = {isa = PBXBuildFile; fileRef = 37A69FD9183869DD002604B0 /* HTTPAuthenticationRequest.m */; };
		3700DDE9183B160200AF79C7 /* HTTPConnection.m in Sources */ = {isa = PBXBuildFile; fileRef = 37A69FDB183869DD002604B0 /* HTTPConnection.m */; };
		3700DDEA183B160200AF79C7 /* HTTPMessage.m in Sources */ = {isa = PBXBuildFile; fileRef = 37A69FDE183869DD002604B0 /* HTTPMessage.m */; };
		3700DDEB183B160200AF79C7 /* HTTPServer.m in Sources */ = {isa = PBXBuildFile; fileRef = 37A69FE1183869DD002604B0 /* HTTPServer.m */; };
		3700DDEC183B160200AF79C7 /* MultipartFormDataParser.m in Sources */ = {isa = PBXBuildFile; fileRef = 37A69FE4183869DD002604B0 /* MultipartFormDataParser.m */; };
		3700DDED183B160200AF79C7 /* MultipartMessageHeader.m in Sources */ = {isa = PBXBuildFile; fileRef = 37A69FE6183869DD002604B0 /* MultipartMessageHeader.m */; };
		3700DDEE183B160200AF79C7 /* MultipartMessageHeaderField.m in Sources */ = {isa = PBXBuildFile; fileRef = 37A69FE8183869DD002604B0 /* MultipartMessageHeaderField.m */; };
		3700DDEF183B160200AF79C7 /* HTTPAsyncFileResponse.m in Sources */ = {isa = PBXBuildFile; fileRef = 37A69FEB183869DD002604B0 /* HTTPAsyncFileResponse.m */; };
		3700DDF0183B160200AF79C7 /* HTTPDataResponse.m in Sources */ = {isa = PBXBuildFile; fileRef = 37A69FED183869DD002604B0 /* HTTPDataResponse.m */; };
		3700DDF1183B160200AF79C7 /* HTTPDynamicFileResponse.m in Sources */ = {isa = PBXBuildFile; fileRef = 37A69FEF183869DD002604B0 /* HTTPDynamicFileResponse.m */; };
		3700DDF2183B160200AF79C7 /* HTTPErrorResponse.m in Sources */ = {isa = PBXBuildFile; fileRef = 37A69FF1183869DD002604B0 /* HTTPErrorResponse.m */; };
		3700DDF3183B160200AF79C7 /* HTTPFileResponse.m in Sources */ = {isa = PBXBuildFile; fileRef = 37A69FF3183869DD002604B0 /* HTTPFileResponse.m */; };
		3700DDF4183B160200AF79C7 /* HTTPRedirectResponse.m in Sources */ = {isa = PBXBuildFile; fileRef = 37A69FF5183869DD002604B0 /* HTTPRedirectResponse.m */; };
		3700DDF5183B160200AF79C7 /* WebSocket.m in Sources */ = {isa = PBXBuildFile; fileRef = 37A69FF7183869DD002604B0 /* WebSocket.m */; };
		3700DDF6183B160200AF79C7 /* GTWSPARQLConfig.m in Sources */ = {isa = PBXBuildFile; fileRef = 3700DD5A183AD0BA00AF79C7 /* GTWSPARQLConfig.m */; };
		3700DDF7183B160200AF79C7 /* GTWSPARQLConnection.m in Sources */ = {isa = PBXBuildFile; fileRef = 3700DD5C183AD0BA00AF79C7 /* GTWSPARQLConnection.m */; };
		3700DDF8183B160200AF79C7 /* GTWSPARQLServer.m in Sources */ = {isa = PBXBuildFile; fileRef = 3700DD5E183AD0BA00AF79C7 /* GTWSPARQLServer.m */; };
		3700DDF9183B160200AF79C7 /* GTWSPARQLTestHarness.m in Sources */ = {isa = PBXBuildFile; fileRef = 3700DCF8183ACF8500AF79C7 /* GTWSPARQLTestHarness.m */; };
		3700DDFA183B160200AF79C7 /* GTWSPARQLTestHarnessURLProtocol.m in Sources */ = {isa = PBXBuildFile; fileRef = 3700DCFA183ACF8500AF79C7 /* GTWSPARQLTestHarnessURLProtocol.m */; };
		379247E317ADA46200597746 /* librdf.0.dylib in Frameworks */ = {isa = PBXBuildFile; fileRef = 379247E217ADA46200597746 /* librdf.0.dylib */; };
		37A2E1CC1756963C0086CBE7 /* libxml2.dylib in Frameworks */ = {isa = PBXBuildFile; fileRef = 37A2E1CB1756963C0086CBE7 /* libxml2.dylib */; };
		37A6A02818386B0A002604B0 /* Cocoa.framework in Frameworks */ = {isa = PBXBuildFile; fileRef = 37A6A02718386B0A002604B0 /* Cocoa.framework */; };
		37A6A02A18386B22002604B0 /* Security.framework in Frameworks */ = {isa = PBXBuildFile; fileRef = 37A6A02918386B22002604B0 /* Security.framework */; };
		37C37A4E1738089E0078C98F /* libraptor2.0.dylib in Frameworks */ = {isa = PBXBuildFile; fileRef = 37C37A4D1738089E0078C98F /* libraptor2.0.dylib */; };
		37C37A531739472A0078C98F /* librasqal.3.dylib in Frameworks */ = {isa = PBXBuildFile; fileRef = 37C37A521739472A0078C98F /* librasqal.3.dylib */; };
		37E0FE6A183C2D9A00377B1D /* SPKRedlandTripleStore.h in Headers */ = {isa = PBXBuildFile; fileRef = 37E0FE68183C2D9A00377B1D /* SPKRedlandTripleStore.h */; settings = {ATTRIBUTES = (Public, ); }; };
		37E0FE6C183C2D9A00377B1D /* SPKRedlandTripleStore.m in Sources */ = {isa = PBXBuildFile; fileRef = 37E0FE69183C2D9A00377B1D /* SPKRedlandTripleStore.m */; };
		37E0FE6F183C2E0100377B1D /* SPKMemoryQuadStore.h in Headers */ = {isa = PBXBuildFile; fileRef = 37E0FE6D183C2E0100377B1D /* SPKMemoryQuadStore.h */; settings = {ATTRIBUTES = (Public, ); }; };
		37E0FE70183C2E0100377B1D /* SPKMemoryQuadStore.m in Sources */ = {isa = PBXBuildFile; fileRef = 37E0FE6E183C2E0100377B1D /* SPKMemoryQuadStore.m */; };
		37E0FE73183C2F5B00377B1D /* SPKQuadModel.h in Headers */ = {isa = PBXBuildFile; fileRef = 37E0FE71183C2F5B00377B1D /* SPKQuadModel.h */; settings = {ATTRIBUTES = (Public, ); }; };
		37E0FE74183C2F5B00377B1D /* SPKQuadModel.m in Sources */ = {isa = PBXBuildFile; fileRef = 37E0FE72183C2F5B00377B1D /* SPKQuadModel.m */; };
		37E0FE77183C2FAA00377B1D /* SPKTripleModel.h in Headers */ = {isa = PBXBuildFile; fileRef = 37E0FE75183C2FAA00377B1D /* SPKTripleModel.h */; settings = {ATTRIBUTES = (Public, ); }; };
		37E0FE78183C2FAA00377B1D /* SPKTripleModel.m in Sources */ = {isa = PBXBuildFile; fileRef = 37E0FE76183C2FAA00377B1D /* SPKTripleModel.m */; };
		37E0FE7B183C302C00377B1D /* SPKRedlandParser.h in Headers */ = {isa = PBXBuildFile; fileRef = 37E0FE79183C302C00377B1D /* SPKRedlandParser.h */; settings = {ATTRIBUTES = (Public, ); }; };
		37E0FE7C183C302C00377B1D /* SPKRedlandParser.m in Sources */ = {isa = PBXBuildFile; fileRef = 37E0FE7A183C302C00377B1D /* SPKRedlandParser.m */; };
		37E0FE7F183C307E00377B1D /* SPKTurtleParser.h in Headers */ = {isa = PBXBuildFile; fileRef = 37E0FE7D183C307E00377B1D /* SPKTurtleParser.h */; settings = {ATTRIBUTES = (Public, ); }; };
		37E0FE80183C307E00377B1D /* SPKTurtleParser.m in Sources */ = {isa = PBXBuildFile; fileRef = 37E0FE7E183C307E00377B1D /* SPKTurtleParser.m */; };
		37E0FE83183C30EE00377B1D /* SPKSPARQLLexer.h in Headers */ = {isa = PBXBuildFile; fileRef = 37E0FE81183C30EE00377B1D /* SPKSPARQLLexer.h */; settings = {ATTRIBUTES = (Public, ); }; };
		37E0FE84183C30EE00377B1D /* SPKSPARQLLexer.m in Sources */ = {isa = PBXBuildFile; fileRef = 37E0FE82183C30EE00377B1D /* SPKSPARQLLexer.m */; };
		37E0FE87183C312000377B1D /* SPKSPARQLToken.h in Headers */ = {isa = PBXBuildFile; fileRef = 37E0FE85183C312000377B1D /* SPKSPARQLToken.h */; settings = {ATTRIBUTES = (Public, ); }; };
		37E0FE88183C312000377B1D /* SPKSPARQLToken.m in Sources */ = {isa = PBXBuildFile; fileRef = 37E0FE86183C312000377B1D /* SPKSPARQLToken.m */; };
		37E0FE8B183C315700377B1D /* SPKSPARQLParser.h in Headers */ = {isa = PBXBuildFile; fileRef = 37E0FE89183C315700377B1D /* SPKSPARQLParser.h */; settings = {ATTRIBUTES = (Public, ); }; };
		37E0FE8C183C315700377B1D /* SPKSPARQLParser.m in Sources */ = {isa = PBXBuildFile; fileRef = 37E0FE8A183C315700377B1D /* SPKSPARQLParser.m */; };
		37E3D5E7172D647A00F54DC9 /* CoreFoundation.framework in Frameworks */ = {isa = PBXBuildFile; fileRef = 37E3D5E6172D647A00F54DC9 /* CoreFoundation.framework */; };
		37F96DD617AD5CBF00235009 /* GTWSWBase.framework in Frameworks */ = {isa = PBXBuildFile; fileRef = 37F96DD517AD5CBF00235009 /* GTWSWBase.framework */; };
/* End PBXBuildFile section */

/* Begin PBXCopyFilesBuildPhase section */
		37E3D5E1172D647A00F54DC9 /* CopyFiles */ = {
			isa = PBXCopyFilesBuildPhase;
			buildActionMask = 2147483647;
			dstPath = /usr/share/man/man1/;
			dstSubfolderSpec = 0;
			files = (
			);
			runOnlyForDeploymentPostprocessing = 1;
		};
/* End PBXCopyFilesBuildPhase section */

/* Begin PBXFileReference section */
		3700DCF7183ACF8500AF79C7 /* GTWSPARQLTestHarness.h */ = {isa = PBXFileReference; fileEncoding = 4; lastKnownFileType = sourcecode.c.h; path = GTWSPARQLTestHarness.h; sourceTree = "<group>"; };
		3700DCF8183ACF8500AF79C7 /* GTWSPARQLTestHarness.m */ = {isa = PBXFileReference; fileEncoding = 4; lastKnownFileType = sourcecode.c.objc; path = GTWSPARQLTestHarness.m; sourceTree = "<group>"; };
		3700DCF9183ACF8500AF79C7 /* GTWSPARQLTestHarnessURLProtocol.h */ = {isa = PBXFileReference; fileEncoding = 4; lastKnownFileType = sourcecode.c.h; path = GTWSPARQLTestHarnessURLProtocol.h; sourceTree = "<group>"; };
		3700DCFA183ACF8500AF79C7 /* GTWSPARQLTestHarnessURLProtocol.m */ = {isa = PBXFileReference; fileEncoding = 4; lastKnownFileType = sourcecode.c.objc; path = GTWSPARQLTestHarnessURLProtocol.m; sourceTree = "<group>"; };
		3700DD05183ACFC300AF79C7 /* GTWErrorLogger.h */ = {isa = PBXFileReference; fileEncoding = 4; lastKnownFileType = sourcecode.c.h; path = GTWErrorLogger.h; sourceTree = "<group>"; };
		3700DD06183ACFC300AF79C7 /* GTWErrorLogger.m */ = {isa = PBXFileReference; fileEncoding = 4; lastKnownFileType = sourcecode.c.objc; path = GTWErrorLogger.m; sourceTree = "<group>"; };
		3700DD0D183ACFC300AF79C7 /* GTWSPARQLDataSourcePlugin.h */ = {isa = PBXFileReference; fileEncoding = 4; lastKnownFileType = sourcecode.c.h; path = GTWSPARQLDataSourcePlugin.h; sourceTree = "<group>"; };
		3700DD0E183ACFC300AF79C7 /* GTWSPARQLDataSourcePlugin.m */ = {isa = PBXFileReference; fileEncoding = 4; lastKnownFileType = sourcecode.c.objc; path = GTWSPARQLDataSourcePlugin.m; sourceTree = "<group>"; };
		3700DD10183ACFC300AF79C7 /* GTWExpressionEvaluationContext.h */ = {isa = PBXFileReference; fileEncoding = 4; lastKnownFileType = sourcecode.c.h; path = GTWExpressionEvaluationContext.h; sourceTree = "<group>"; };
		3700DD11183ACFC300AF79C7 /* GTWExpressionEvaluationContext.m */ = {isa = PBXFileReference; fileEncoding = 4; lastKnownFileType = sourcecode.c.objc; path = GTWExpressionEvaluationContext.m; sourceTree = "<group>"; };
		3700DD12183ACFC300AF79C7 /* GTWSimpleQueryEngine.h */ = {isa = PBXFileReference; fileEncoding = 4; lastKnownFileType = sourcecode.c.h; path = GTWSimpleQueryEngine.h; sourceTree = "<group>"; };
		3700DD13183ACFC300AF79C7 /* GTWSimpleQueryEngine.m */ = {isa = PBXFileReference; fileEncoding = 4; lastKnownFileType = sourcecode.c.objc; path = GTWSimpleQueryEngine.m; sourceTree = "<group>"; };
		3700DD15183ACFC300AF79C7 /* GTWQueryPlanner.h */ = {isa = PBXFileReference; fileEncoding = 4; lastKnownFileType = sourcecode.c.h; path = GTWQueryPlanner.h; sourceTree = "<group>"; };
		3700DD16183ACFC300AF79C7 /* GTWQueryPlanner.m */ = {isa = PBXFileReference; fileEncoding = 4; lastKnownFileType = sourcecode.c.objc; path = GTWQueryPlanner.m; sourceTree = "<group>"; };
		3700DD1D183ACFC300AF79C7 /* GTWNQuadsSerializer.h */ = {isa = PBXFileReference; fileEncoding = 4; lastKnownFileType = sourcecode.c.h; path = GTWNQuadsSerializer.h; sourceTree = "<group>"; };
		3700DD1E183ACFC300AF79C7 /* GTWNQuadsSerializer.m */ = {isa = PBXFileReference; fileEncoding = 4; lastKnownFileType = sourcecode.c.objc; path = GTWNQuadsSerializer.m; sourceTree = "<group>"; };
		3700DD1F183ACFC300AF79C7 /* GTWNTriplesSerializer.h */ = {isa = PBXFileReference; fileEncoding = 4; lastKnownFileType = sourcecode.c.h; path = GTWNTriplesSerializer.h; sourceTree = "<group>"; };
		3700DD20183ACFC300AF79C7 /* GTWNTriplesSerializer.m */ = {isa = PBXFileReference; fileEncoding = 4; lastKnownFileType = sourcecode.c.objc; path = GTWNTriplesSerializer.m; sourceTree = "<group>"; };
		3700DD21183ACFC300AF79C7 /* GTWSPARQLResultsTextTableSerializer.h */ = {isa = PBXFileReference; fileEncoding = 4; lastKnownFileType = sourcecode.c.h; path = GTWSPARQLResultsTextTableSerializer.h; sourceTree = "<group>"; };
		3700DD22183ACFC300AF79C7 /* GTWSPARQLResultsTextTableSerializer.m */ = {isa = PBXFileReference; fileEncoding = 4; lastKnownFileType = sourcecode.c.objc; path = GTWSPARQLResultsTextTableSerializer.m; sourceTree = "<group>"; };
		3700DD23183ACFC300AF79C7 /* GTWSPARQLResultsXMLSerializer.h */ = {isa = PBXFileReference; fileEncoding = 4; lastKnownFileType = sourcecode.c.h; path = GTWSPARQLResultsXMLSerializer.h; sourceTree = "<group>"; };
		3700DD24183ACFC300AF79C7 /* GTWSPARQLResultsXMLSerializer.m */ = {isa = PBXFileReference; fileEncoding = 4; lastKnownFileType = sourcecode.c.objc; path = GTWSPARQLResultsXMLSerializer.m; sourceTree = "<group>"; };
		3700DD2D183ACFC300AF79C7 /* GTWExpression.h */ = {isa = PBXFileReference; fileEncoding = 4; lastKnownFileType = sourcecode.c.h; path = GTWExpression.h; sourceTree = "<group>"; };
		3700DD2E183ACFC300AF79C7 /* GTWExpression.m */ = {isa = PBXFileReference; fileEncoding = 4; lastKnownFileType = sourcecode.c.objc; path = GTWExpression.m; sourceTree = "<group>"; };
		3700DD2F183ACFC300AF79C7 /* GTWTree.h */ = {isa = PBXFileReference; fileEncoding = 4; lastKnownFileType = sourcecode.c.h; path = GTWTree.h; sourceTree = "<group>"; };
		3700DD30183ACFC300AF79C7 /* GTWTree.m */ = {isa = PBXFileReference; fileEncoding = 4; lastKnownFileType = sourcecode.c.objc; path = GTWTree.m; sourceTree = "<group>"; };
		3700DD31183ACFC300AF79C7 /* NSObject+GTWTree.h */ = {isa = PBXFileReference; fileEncoding = 4; lastKnownFileType = sourcecode.c.h; path = "NSObject+GTWTree.h"; sourceTree = "<group>"; };
		3700DD32183ACFC300AF79C7 /* NSObject+GTWTree.m */ = {isa = PBXFileReference; fileEncoding = 4; lastKnownFileType = sourcecode.c.objc; path = "NSObject+GTWTree.m"; sourceTree = "<group>"; };
		3700DD34183ACFC300AF79C7 /* GTWBlankNodeRenamer.h */ = {isa = PBXFileReference; fileEncoding = 4; lastKnownFileType = sourcecode.c.h; path = GTWBlankNodeRenamer.h; sourceTree = "<group>"; };
		3700DD35183ACFC300AF79C7 /* GTWBlankNodeRenamer.m */ = {isa = PBXFileReference; fileEncoding = 4; lastKnownFileType = sourcecode.c.objc; path = GTWBlankNodeRenamer.m; sourceTree = "<group>"; };
		3700DD38183ACFC300AF79C7 /* NSDate+W3CDTFSupport.h */ = {isa = PBXFileReference; fileEncoding = 4; lastKnownFileType = sourcecode.c.h; path = "NSDate+W3CDTFSupport.h"; sourceTree = "<group>"; };
		3700DD39183ACFC300AF79C7 /* NSDate+W3CDTFSupport.m */ = {isa = PBXFileReference; fileEncoding = 4; lastKnownFileType = sourcecode.c.objc; path = "NSDate+W3CDTFSupport.m"; sourceTree = "<group>"; };
		3700DD3A183ACFC300AF79C7 /* NSObject+NSDictionary_QueryBindings.h */ = {isa = PBXFileReference; fileEncoding = 4; lastKnownFileType = sourcecode.c.h; path = "NSObject+NSDictionary_QueryBindings.h"; sourceTree = "<group>"; };
		3700DD3B183ACFC300AF79C7 /* NSObject+NSDictionary_QueryBindings.m */ = {isa = PBXFileReference; fileEncoding = 4; lastKnownFileType = sourcecode.c.objc; path = "NSObject+NSDictionary_QueryBindings.m"; sourceTree = "<group>"; };
		3700DD59183AD0BA00AF79C7 /* GTWSPARQLConfig.h */ = {isa = PBXFileReference; fileEncoding = 4; lastKnownFileType = sourcecode.c.h; path = GTWSPARQLConfig.h; sourceTree = "<group>"; };
		3700DD5A183AD0BA00AF79C7 /* GTWSPARQLConfig.m */ = {isa = PBXFileReference; fileEncoding = 4; lastKnownFileType = sourcecode.c.objc; path = GTWSPARQLConfig.m; sourceTree = "<group>"; };
		3700DD5B183AD0BA00AF79C7 /* GTWSPARQLConnection.h */ = {isa = PBXFileReference; fileEncoding = 4; lastKnownFileType = sourcecode.c.h; path = GTWSPARQLConnection.h; sourceTree = "<group>"; };
		3700DD5C183AD0BA00AF79C7 /* GTWSPARQLConnection.m */ = {isa = PBXFileReference; fileEncoding = 4; lastKnownFileType = sourcecode.c.objc; path = GTWSPARQLConnection.m; sourceTree = "<group>"; };
		3700DD5D183AD0BA00AF79C7 /* GTWSPARQLServer.h */ = {isa = PBXFileReference; fileEncoding = 4; lastKnownFileType = sourcecode.c.h; path = GTWSPARQLServer.h; sourceTree = "<group>"; };
		3700DD5E183AD0BA00AF79C7 /* GTWSPARQLServer.m */ = {isa = PBXFileReference; fileEncoding = 4; lastKnownFileType = sourcecode.c.objc; path = GTWSPARQLServer.m; sourceTree = "<group>"; };
		3700DD68183AD32800AF79C7 /* SPARQLKit.framework */ = {isa = PBXFileReference; explicitFileType = wrapper.framework; includeInIndex = 0; path = SPARQLKit.framework; sourceTree = BUILT_PRODUCTS_DIR; };
		3700DD6B183AD32800AF79C7 /* Foundation.framework */ = {isa = PBXFileReference; lastKnownFileType = wrapper.framework; name = Foundation.framework; path = System/Library/Frameworks/Foundation.framework; sourceTree = SDKROOT; };
		3700DD6C183AD32800AF79C7 /* CoreData.framework */ = {isa = PBXFileReference; lastKnownFileType = wrapper.framework; name = CoreData.framework; path = System/Library/Frameworks/CoreData.framework; sourceTree = SDKROOT; };
		3700DD6D183AD32800AF79C7 /* AppKit.framework */ = {isa = PBXFileReference; lastKnownFileType = wrapper.framework; name = AppKit.framework; path = System/Library/Frameworks/AppKit.framework; sourceTree = SDKROOT; };
		3700DD70183AD32800AF79C7 /* SPARQLKit-Info.plist */ = {isa = PBXFileReference; lastKnownFileType = text.plist.xml; path = "SPARQLKit-Info.plist"; sourceTree = "<group>"; };
		3700DD72183AD32900AF79C7 /* en */ = {isa = PBXFileReference; lastKnownFileType = text.plist.strings; name = en; path = en.lproj/InfoPlist.strings; sourceTree = "<group>"; };
		3700DD74183AD32900AF79C7 /* SPARQLKit-Prefix.pch */ = {isa = PBXFileReference; lastKnownFileType = sourcecode.c.h; path = "SPARQLKit-Prefix.pch"; sourceTree = "<group>"; };
		3700DDCC183B111300AF79C7 /* SPARQLKit.h */ = {isa = PBXFileReference; fileEncoding = 4; lastKnownFileType = sourcecode.c.h; name = SPARQLKit.h; path = SPARQLKit/SPARQLKit.h; sourceTree = "<group>"; };
		3700DDDA183B15C100AF79C7 /* SPARQLKit.framework */ = {isa = PBXFileReference; lastKnownFileType = wrapper.framework; name = SPARQLKit.framework; path = ../../../../../Library/Frameworks/SPARQLKit.framework; sourceTree = "<group>"; };
		379247E217ADA46200597746 /* librdf.0.dylib */ = {isa = PBXFileReference; lastKnownFileType = "compiled.mach-o.dylib"; name = librdf.0.dylib; path = /usr/local/Cellar/redland/1.0.16/lib/librdf.0.dylib; sourceTree = "<absolute>"; };
		37A2618618048D95008AFED4 /* XCTest.framework */ = {isa = PBXFileReference; lastKnownFileType = wrapper.framework; name = XCTest.framework; path = Library/Frameworks/XCTest.framework; sourceTree = DEVELOPER_DIR; };
		37A2619618048FB2008AFED4 /* GTWSWBase.framework */ = {isa = PBXFileReference; lastKnownFileType = wrapper.framework; name = GTWSWBase.framework; path = ../../../../../Library/Frameworks/GTWSWBase.framework; sourceTree = "<group>"; };
		37A2E1CB1756963C0086CBE7 /* libxml2.dylib */ = {isa = PBXFileReference; lastKnownFileType = "compiled.mach-o.dylib"; name = libxml2.dylib; path = usr/lib/libxml2.dylib; sourceTree = SDKROOT; };
		37A69FD2183869DD002604B0 /* DDData.h */ = {isa = PBXFileReference; fileEncoding = 4; lastKnownFileType = sourcecode.c.h; path = DDData.h; sourceTree = "<group>"; };
		37A69FD3183869DD002604B0 /* DDData.m */ = {isa = PBXFileReference; fileEncoding = 4; lastKnownFileType = sourcecode.c.objc; path = DDData.m; sourceTree = "<group>"; };
		37A69FD4183869DD002604B0 /* DDNumber.h */ = {isa = PBXFileReference; fileEncoding = 4; lastKnownFileType = sourcecode.c.h; path = DDNumber.h; sourceTree = "<group>"; };
		37A69FD5183869DD002604B0 /* DDNumber.m */ = {isa = PBXFileReference; fileEncoding = 4; lastKnownFileType = sourcecode.c.objc; path = DDNumber.m; sourceTree = "<group>"; };
		37A69FD6183869DD002604B0 /* DDRange.h */ = {isa = PBXFileReference; fileEncoding = 4; lastKnownFileType = sourcecode.c.h; path = DDRange.h; sourceTree = "<group>"; };
		37A69FD7183869DD002604B0 /* DDRange.m */ = {isa = PBXFileReference; fileEncoding = 4; lastKnownFileType = sourcecode.c.objc; path = DDRange.m; sourceTree = "<group>"; };
		37A69FD8183869DD002604B0 /* HTTPAuthenticationRequest.h */ = {isa = PBXFileReference; fileEncoding = 4; lastKnownFileType = sourcecode.c.h; name = HTTPAuthenticationRequest.h; path = CocoaHTTPServer/HTTPAuthenticationRequest.h; sourceTree = "<group>"; };
		37A69FD9183869DD002604B0 /* HTTPAuthenticationRequest.m */ = {isa = PBXFileReference; fileEncoding = 4; lastKnownFileType = sourcecode.c.objc; name = HTTPAuthenticationRequest.m; path = CocoaHTTPServer/HTTPAuthenticationRequest.m; sourceTree = "<group>"; };
		37A69FDA183869DD002604B0 /* HTTPConnection.h */ = {isa = PBXFileReference; fileEncoding = 4; lastKnownFileType = sourcecode.c.h; name = HTTPConnection.h; path = CocoaHTTPServer/HTTPConnection.h; sourceTree = "<group>"; };
		37A69FDB183869DD002604B0 /* HTTPConnection.m */ = {isa = PBXFileReference; fileEncoding = 4; lastKnownFileType = sourcecode.c.objc; name = HTTPConnection.m; path = CocoaHTTPServer/HTTPConnection.m; sourceTree = "<group>"; };
		37A69FDC183869DD002604B0 /* HTTPLogging.h */ = {isa = PBXFileReference; fileEncoding = 4; lastKnownFileType = sourcecode.c.h; name = HTTPLogging.h; path = CocoaHTTPServer/HTTPLogging.h; sourceTree = "<group>"; };
		37A69FDD183869DD002604B0 /* HTTPMessage.h */ = {isa = PBXFileReference; fileEncoding = 4; lastKnownFileType = sourcecode.c.h; name = HTTPMessage.h; path = CocoaHTTPServer/HTTPMessage.h; sourceTree = "<group>"; };
		37A69FDE183869DD002604B0 /* HTTPMessage.m */ = {isa = PBXFileReference; fileEncoding = 4; lastKnownFileType = sourcecode.c.objc; name = HTTPMessage.m; path = CocoaHTTPServer/HTTPMessage.m; sourceTree = "<group>"; };
		37A69FDF183869DD002604B0 /* HTTPResponse.h */ = {isa = PBXFileReference; fileEncoding = 4; lastKnownFileType = sourcecode.c.h; name = HTTPResponse.h; path = CocoaHTTPServer/HTTPResponse.h; sourceTree = "<group>"; };
		37A69FE0183869DD002604B0 /* HTTPServer.h */ = {isa = PBXFileReference; fileEncoding = 4; lastKnownFileType = sourcecode.c.h; name = HTTPServer.h; path = CocoaHTTPServer/HTTPServer.h; sourceTree = "<group>"; };
		37A69FE1183869DD002604B0 /* HTTPServer.m */ = {isa = PBXFileReference; fileEncoding = 4; lastKnownFileType = sourcecode.c.objc; name = HTTPServer.m; path = CocoaHTTPServer/HTTPServer.m; sourceTree = "<group>"; };
		37A69FE3183869DD002604B0 /* MultipartFormDataParser.h */ = {isa = PBXFileReference; fileEncoding = 4; lastKnownFileType = sourcecode.c.h; path = MultipartFormDataParser.h; sourceTree = "<group>"; };
		37A69FE4183869DD002604B0 /* MultipartFormDataParser.m */ = {isa = PBXFileReference; fileEncoding = 4; lastKnownFileType = sourcecode.c.objc; path = MultipartFormDataParser.m; sourceTree = "<group>"; };
		37A69FE5183869DD002604B0 /* MultipartMessageHeader.h */ = {isa = PBXFileReference; fileEncoding = 4; lastKnownFileType = sourcecode.c.h; path = MultipartMessageHeader.h; sourceTree = "<group>"; };
		37A69FE6183869DD002604B0 /* MultipartMessageHeader.m */ = {isa = PBXFileReference; fileEncoding = 4; lastKnownFileType = sourcecode.c.objc; path = MultipartMessageHeader.m; sourceTree = "<group>"; };
		37A69FE7183869DD002604B0 /* MultipartMessageHeaderField.h */ = {isa = PBXFileReference; fileEncoding = 4; lastKnownFileType = sourcecode.c.h; path = MultipartMessageHeaderField.h; sourceTree = "<group>"; };
		37A69FE8183869DD002604B0 /* MultipartMessageHeaderField.m */ = {isa = PBXFileReference; fileEncoding = 4; lastKnownFileType = sourcecode.c.objc; path = MultipartMessageHeaderField.m; sourceTree = "<group>"; };
		37A69FEA183869DD002604B0 /* HTTPAsyncFileResponse.h */ = {isa = PBXFileReference; fileEncoding = 4; lastKnownFileType = sourcecode.c.h; path = HTTPAsyncFileResponse.h; sourceTree = "<group>"; };
		37A69FEB183869DD002604B0 /* HTTPAsyncFileResponse.m */ = {isa = PBXFileReference; fileEncoding = 4; lastKnownFileType = sourcecode.c.objc; path = HTTPAsyncFileResponse.m; sourceTree = "<group>"; };
		37A69FEC183869DD002604B0 /* HTTPDataResponse.h */ = {isa = PBXFileReference; fileEncoding = 4; lastKnownFileType = sourcecode.c.h; path = HTTPDataResponse.h; sourceTree = "<group>"; };
		37A69FED183869DD002604B0 /* HTTPDataResponse.m */ = {isa = PBXFileReference; fileEncoding = 4; lastKnownFileType = sourcecode.c.objc; path = HTTPDataResponse.m; sourceTree = "<group>"; };
		37A69FEE183869DD002604B0 /* HTTPDynamicFileResponse.h */ = {isa = PBXFileReference; fileEncoding = 4; lastKnownFileType = sourcecode.c.h; path = HTTPDynamicFileResponse.h; sourceTree = "<group>"; };
		37A69FEF183869DD002604B0 /* HTTPDynamicFileResponse.m */ = {isa = PBXFileReference; fileEncoding = 4; lastKnownFileType = sourcecode.c.objc; path = HTTPDynamicFileResponse.m; sourceTree = "<group>"; };
		37A69FF0183869DD002604B0 /* HTTPErrorResponse.h */ = {isa = PBXFileReference; fileEncoding = 4; lastKnownFileType = sourcecode.c.h; path = HTTPErrorResponse.h; sourceTree = "<group>"; };
		37A69FF1183869DD002604B0 /* HTTPErrorResponse.m */ = {isa = PBXFileReference; fileEncoding = 4; lastKnownFileType = sourcecode.c.objc; path = HTTPErrorResponse.m; sourceTree = "<group>"; };
		37A69FF2183869DD002604B0 /* HTTPFileResponse.h */ = {isa = PBXFileReference; fileEncoding = 4; lastKnownFileType = sourcecode.c.h; path = HTTPFileResponse.h; sourceTree = "<group>"; };
		37A69FF3183869DD002604B0 /* HTTPFileResponse.m */ = {isa = PBXFileReference; fileEncoding = 4; lastKnownFileType = sourcecode.c.objc; path = HTTPFileResponse.m; sourceTree = "<group>"; };
		37A69FF4183869DD002604B0 /* HTTPRedirectResponse.h */ = {isa = PBXFileReference; fileEncoding = 4; lastKnownFileType = sourcecode.c.h; path = HTTPRedirectResponse.h; sourceTree = "<group>"; };
		37A69FF5183869DD002604B0 /* HTTPRedirectResponse.m */ = {isa = PBXFileReference; fileEncoding = 4; lastKnownFileType = sourcecode.c.objc; path = HTTPRedirectResponse.m; sourceTree = "<group>"; };
		37A69FF6183869DD002604B0 /* WebSocket.h */ = {isa = PBXFileReference; fileEncoding = 4; lastKnownFileType = sourcecode.c.h; name = WebSocket.h; path = CocoaHTTPServer/WebSocket.h; sourceTree = "<group>"; };
		37A69FF7183869DD002604B0 /* WebSocket.m */ = {isa = PBXFileReference; fileEncoding = 4; lastKnownFileType = sourcecode.c.objc; name = WebSocket.m; path = CocoaHTTPServer/WebSocket.m; sourceTree = "<group>"; };
		37A6A00A18386A90002604B0 /* About.txt */ = {isa = PBXFileReference; lastKnownFileType = text; path = About.txt; sourceTree = "<group>"; };
		37A6A00B18386A90002604B0 /* GCDAsyncSocket.h */ = {isa = PBXFileReference; lastKnownFileType = sourcecode.c.h; path = GCDAsyncSocket.h; sourceTree = "<group>"; };
		37A6A00C18386A90002604B0 /* GCDAsyncSocket.m */ = {isa = PBXFileReference; lastKnownFileType = sourcecode.c.objc; path = GCDAsyncSocket.m; sourceTree = "<group>"; };
		37A6A00E18386A90002604B0 /* About.txt */ = {isa = PBXFileReference; lastKnownFileType = text; path = About.txt; sourceTree = "<group>"; };
		37A6A00F18386A90002604B0 /* DDAbstractDatabaseLogger.h */ = {isa = PBXFileReference; lastKnownFileType = sourcecode.c.h; path = DDAbstractDatabaseLogger.h; sourceTree = "<group>"; };
		37A6A01018386A90002604B0 /* DDAbstractDatabaseLogger.m */ = {isa = PBXFileReference; lastKnownFileType = sourcecode.c.objc; path = DDAbstractDatabaseLogger.m; sourceTree = "<group>"; };
		37A6A01118386A90002604B0 /* DDASLLogger.h */ = {isa = PBXFileReference; lastKnownFileType = sourcecode.c.h; path = DDASLLogger.h; sourceTree = "<group>"; };
		37A6A01218386A90002604B0 /* DDASLLogger.m */ = {isa = PBXFileReference; lastKnownFileType = sourcecode.c.objc; path = DDASLLogger.m; sourceTree = "<group>"; };
		37A6A01318386A90002604B0 /* DDFileLogger.h */ = {isa = PBXFileReference; lastKnownFileType = sourcecode.c.h; path = DDFileLogger.h; sourceTree = "<group>"; };
		37A6A01418386A90002604B0 /* DDFileLogger.m */ = {isa = PBXFileReference; lastKnownFileType = sourcecode.c.objc; path = DDFileLogger.m; sourceTree = "<group>"; };
		37A6A01518386A90002604B0 /* DDLog.h */ = {isa = PBXFileReference; lastKnownFileType = sourcecode.c.h; path = DDLog.h; sourceTree = "<group>"; };
		37A6A01618386A90002604B0 /* DDLog.m */ = {isa = PBXFileReference; lastKnownFileType = sourcecode.c.objc; path = DDLog.m; sourceTree = "<group>"; };
		37A6A01718386A90002604B0 /* DDTTYLogger.h */ = {isa = PBXFileReference; lastKnownFileType = sourcecode.c.h; path = DDTTYLogger.h; sourceTree = "<group>"; };
		37A6A01818386A90002604B0 /* DDTTYLogger.m */ = {isa = PBXFileReference; lastKnownFileType = sourcecode.c.objc; path = DDTTYLogger.m; sourceTree = "<group>"; };
		37A6A01A18386A90002604B0 /* ContextFilterLogFormatter.h */ = {isa = PBXFileReference; lastKnownFileType = sourcecode.c.h; path = ContextFilterLogFormatter.h; sourceTree = "<group>"; };
		37A6A01B18386A90002604B0 /* ContextFilterLogFormatter.m */ = {isa = PBXFileReference; lastKnownFileType = sourcecode.c.objc; path = ContextFilterLogFormatter.m; sourceTree = "<group>"; };
		37A6A01C18386A90002604B0 /* DispatchQueueLogFormatter.h */ = {isa = PBXFileReference; lastKnownFileType = sourcecode.c.h; path = DispatchQueueLogFormatter.h; sourceTree = "<group>"; };
		37A6A01D18386A90002604B0 /* DispatchQueueLogFormatter.m */ = {isa = PBXFileReference; lastKnownFileType = sourcecode.c.objc; path = DispatchQueueLogFormatter.m; sourceTree = "<group>"; };
		37A6A01E18386A90002604B0 /* README.txt */ = {isa = PBXFileReference; lastKnownFileType = text; path = README.txt; sourceTree = "<group>"; };
		37A6A02718386B0A002604B0 /* Cocoa.framework */ = {isa = PBXFileReference; lastKnownFileType = wrapper.framework; name = Cocoa.framework; path = System/Library/Frameworks/Cocoa.framework; sourceTree = SDKROOT; };
		37A6A02918386B22002604B0 /* Security.framework */ = {isa = PBXFileReference; lastKnownFileType = wrapper.framework; name = Security.framework; path = System/Library/Frameworks/Security.framework; sourceTree = SDKROOT; };
		37BF086E176718A2008B11F8 /* System.framework */ = {isa = PBXFileReference; lastKnownFileType = wrapper.framework; name = System.framework; path = ../../../../../../../System/Library/Frameworks/System.framework; sourceTree = "<group>"; };
		37C37A4D1738089E0078C98F /* libraptor2.0.dylib */ = {isa = PBXFileReference; lastKnownFileType = "compiled.mach-o.dylib"; name = libraptor2.0.dylib; path = ../../../../../../../../usr/local/Cellar/raptor/2.0.9/lib/libraptor2.0.dylib; sourceTree = "<group>"; };
		37C37A521739472A0078C98F /* librasqal.3.dylib */ = {isa = PBXFileReference; lastKnownFileType = "compiled.mach-o.dylib"; name = librasqal.3.dylib; path = ../../../../../../../../usr/local/Cellar/rasqal/0.9.30/lib/librasqal.3.dylib; sourceTree = "<group>"; };
		37E0FE68183C2D9A00377B1D /* SPKRedlandTripleStore.h */ = {isa = PBXFileReference; fileEncoding = 4; lastKnownFileType = sourcecode.c.h; path = SPKRedlandTripleStore.h; sourceTree = "<group>"; };
		37E0FE69183C2D9A00377B1D /* SPKRedlandTripleStore.m */ = {isa = PBXFileReference; fileEncoding = 4; lastKnownFileType = sourcecode.c.objc; path = SPKRedlandTripleStore.m; sourceTree = "<group>"; };
		37E0FE6D183C2E0100377B1D /* SPKMemoryQuadStore.h */ = {isa = PBXFileReference; fileEncoding = 4; lastKnownFileType = sourcecode.c.h; path = SPKMemoryQuadStore.h; sourceTree = "<group>"; };
		37E0FE6E183C2E0100377B1D /* SPKMemoryQuadStore.m */ = {isa = PBXFileReference; fileEncoding = 4; lastKnownFileType = sourcecode.c.objc; path = SPKMemoryQuadStore.m; sourceTree = "<group>"; };
		37E0FE71183C2F5B00377B1D /* SPKQuadModel.h */ = {isa = PBXFileReference; fileEncoding = 4; lastKnownFileType = sourcecode.c.h; path = SPKQuadModel.h; sourceTree = "<group>"; };
		37E0FE72183C2F5B00377B1D /* SPKQuadModel.m */ = {isa = PBXFileReference; fileEncoding = 4; lastKnownFileType = sourcecode.c.objc; path = SPKQuadModel.m; sourceTree = "<group>"; };
		37E0FE75183C2FAA00377B1D /* SPKTripleModel.h */ = {isa = PBXFileReference; fileEncoding = 4; lastKnownFileType = sourcecode.c.h; path = SPKTripleModel.h; sourceTree = "<group>"; };
		37E0FE76183C2FAA00377B1D /* SPKTripleModel.m */ = {isa = PBXFileReference; fileEncoding = 4; lastKnownFileType = sourcecode.c.objc; path = SPKTripleModel.m; sourceTree = "<group>"; };
		37E0FE79183C302C00377B1D /* SPKRedlandParser.h */ = {isa = PBXFileReference; fileEncoding = 4; lastKnownFileType = sourcecode.c.h; path = SPKRedlandParser.h; sourceTree = "<group>"; };
		37E0FE7A183C302C00377B1D /* SPKRedlandParser.m */ = {isa = PBXFileReference; fileEncoding = 4; lastKnownFileType = sourcecode.c.objc; path = SPKRedlandParser.m; sourceTree = "<group>"; };
		37E0FE7D183C307E00377B1D /* SPKTurtleParser.h */ = {isa = PBXFileReference; fileEncoding = 4; lastKnownFileType = sourcecode.c.h; path = SPKTurtleParser.h; sourceTree = "<group>"; };
		37E0FE7E183C307E00377B1D /* SPKTurtleParser.m */ = {isa = PBXFileReference; fileEncoding = 4; lastKnownFileType = sourcecode.c.objc; path = SPKTurtleParser.m; sourceTree = "<group>"; };
		37E0FE81183C30EE00377B1D /* SPKSPARQLLexer.h */ = {isa = PBXFileReference; fileEncoding = 4; lastKnownFileType = sourcecode.c.h; path = SPKSPARQLLexer.h; sourceTree = "<group>"; };
		37E0FE82183C30EE00377B1D /* SPKSPARQLLexer.m */ = {isa = PBXFileReference; fileEncoding = 4; lastKnownFileType = sourcecode.c.objc; path = SPKSPARQLLexer.m; sourceTree = "<group>"; };
		37E0FE85183C312000377B1D /* SPKSPARQLToken.h */ = {isa = PBXFileReference; fileEncoding = 4; lastKnownFileType = sourcecode.c.h; path = SPKSPARQLToken.h; sourceTree = "<group>"; };
		37E0FE86183C312000377B1D /* SPKSPARQLToken.m */ = {isa = PBXFileReference; fileEncoding = 4; lastKnownFileType = sourcecode.c.objc; path = SPKSPARQLToken.m; sourceTree = "<group>"; };
		37E0FE89183C315700377B1D /* SPKSPARQLParser.h */ = {isa = PBXFileReference; fileEncoding = 4; lastKnownFileType = sourcecode.c.h; path = SPKSPARQLParser.h; sourceTree = "<group>"; };
		37E0FE8A183C315700377B1D /* SPKSPARQLParser.m */ = {isa = PBXFileReference; fileEncoding = 4; lastKnownFileType = sourcecode.c.objc; path = SPKSPARQLParser.m; sourceTree = "<group>"; };
		37E3D5E3172D647A00F54DC9 /* GTWSPARQLEngine */ = {isa = PBXFileReference; explicitFileType = "compiled.mach-o.executable"; includeInIndex = 0; path = GTWSPARQLEngine; sourceTree = BUILT_PRODUCTS_DIR; };
		37E3D5E6172D647A00F54DC9 /* CoreFoundation.framework */ = {isa = PBXFileReference; lastKnownFileType = wrapper.framework; name = CoreFoundation.framework; path = System/Library/Frameworks/CoreFoundation.framework; sourceTree = SDKROOT; };
		37E3D5E9172D647A00F54DC9 /* main.m */ = {isa = PBXFileReference; lastKnownFileType = sourcecode.c.objc; path = main.m; sourceTree = "<group>"; };
		37F96DD517AD5CBF00235009 /* GTWSWBase.framework */ = {isa = PBXFileReference; lastKnownFileType = wrapper.framework; name = GTWSWBase.framework; path = "../../../../../Library/Developer/Xcode/DerivedData/GTWSWBase-bpvpvhggcugdjxddhvalusjqdjts/Build/Products/Debug/GTWSWBase.framework"; sourceTree = "<group>"; };
/* End PBXFileReference section */

/* Begin PBXFrameworksBuildPhase section */
		3700DD64183AD32800AF79C7 /* Frameworks */ = {
			isa = PBXFrameworksBuildPhase;
			buildActionMask = 2147483647;
			files = (
				3700DD92183AD37E00AF79C7 /* libxml2.dylib in Frameworks */,
				3700DD93183AD39300AF79C7 /* librasqal.3.dylib in Frameworks */,
				3700DD94183AD39300AF79C7 /* libraptor2.0.dylib in Frameworks */,
				3700DD95183AD39300AF79C7 /* librdf.0.dylib in Frameworks */,
				3700DD96183AD39700AF79C7 /* System.framework in Frameworks */,
				3700DDCB183AD47400AF79C7 /* GTWSWBase.framework in Frameworks */,
				3700DD91183AD36E00AF79C7 /* CoreFoundation.framework in Frameworks */,
				3700DD97183AD3A000AF79C7 /* Foundation.framework in Frameworks */,
				3700DD90183AD36700AF79C7 /* Security.framework in Frameworks */,
				3700DD69183AD32800AF79C7 /* Cocoa.framework in Frameworks */,
			);
			runOnlyForDeploymentPostprocessing = 0;
		};
		37E3D5E0172D647A00F54DC9 /* Frameworks */ = {
			isa = PBXFrameworksBuildPhase;
			buildActionMask = 2147483647;
			files = (
				37A6A02A18386B22002604B0 /* Security.framework in Frameworks */,
				37A6A02818386B0A002604B0 /* Cocoa.framework in Frameworks */,
				379247E317ADA46200597746 /* librdf.0.dylib in Frameworks */,
				3700DDDB183B15C100AF79C7 /* SPARQLKit.framework in Frameworks */,
				37A2E1CC1756963C0086CBE7 /* libxml2.dylib in Frameworks */,
				37E3D5E7172D647A00F54DC9 /* CoreFoundation.framework in Frameworks */,
				37C37A4E1738089E0078C98F /* libraptor2.0.dylib in Frameworks */,
				37C37A531739472A0078C98F /* librasqal.3.dylib in Frameworks */,
				37F96DD617AD5CBF00235009 /* GTWSWBase.framework in Frameworks */,
			);
			runOnlyForDeploymentPostprocessing = 0;
		};
/* End PBXFrameworksBuildPhase section */

/* Begin PBXGroup section */
		3700DCF6183ACF8500AF79C7 /* SPARQLTestHarness */ = {
			isa = PBXGroup;
			children = (
				3700DCF7183ACF8500AF79C7 /* GTWSPARQLTestHarness.h */,
				3700DCF8183ACF8500AF79C7 /* GTWSPARQLTestHarness.m */,
				3700DCF9183ACF8500AF79C7 /* GTWSPARQLTestHarnessURLProtocol.h */,
				3700DCFA183ACF8500AF79C7 /* GTWSPARQLTestHarnessURLProtocol.m */,
			);
			path = SPARQLTestHarness;
			sourceTree = "<group>";
		};
		3700DCFD183ACFC300AF79C7 /* DataSources */ = {
			isa = PBXGroup;
			children = (
				37E0FE6D183C2E0100377B1D /* SPKMemoryQuadStore.h */,
				37E0FE6E183C2E0100377B1D /* SPKMemoryQuadStore.m */,
				37E0FE68183C2D9A00377B1D /* SPKRedlandTripleStore.h */,
				37E0FE69183C2D9A00377B1D /* SPKRedlandTripleStore.m */,
			);
			name = DataSources;
			path = SPARQLKit/DataSources;
			sourceTree = "<group>";
		};
		3700DD04183ACFC300AF79C7 /* Loggers */ = {
			isa = PBXGroup;
			children = (
				3700DD05183ACFC300AF79C7 /* GTWErrorLogger.h */,
				3700DD06183ACFC300AF79C7 /* GTWErrorLogger.m */,
			);
			name = Loggers;
			path = SPARQLKit/Loggers;
			sourceTree = "<group>";
		};
		3700DD07183ACFC300AF79C7 /* Models */ = {
			isa = PBXGroup;
			children = (
				37E0FE71183C2F5B00377B1D /* SPKQuadModel.h */,
				37E0FE72183C2F5B00377B1D /* SPKQuadModel.m */,
				37E0FE75183C2FAA00377B1D /* SPKTripleModel.h */,
				37E0FE76183C2FAA00377B1D /* SPKTripleModel.m */,
			);
			name = Models;
			path = SPARQLKit/Models;
			sourceTree = "<group>";
		};
		3700DD0C183ACFC300AF79C7 /* PluginFramework */ = {
			isa = PBXGroup;
			children = (
				3700DD0D183ACFC300AF79C7 /* GTWSPARQLDataSourcePlugin.h */,
				3700DD0E183ACFC300AF79C7 /* GTWSPARQLDataSourcePlugin.m */,
			);
			name = PluginFramework;
			path = SPARQLKit/PluginFramework;
			sourceTree = "<group>";
		};
		3700DD0F183ACFC300AF79C7 /* QueryEngines */ = {
			isa = PBXGroup;
			children = (
				3700DD10183ACFC300AF79C7 /* GTWExpressionEvaluationContext.h */,
				3700DD11183ACFC300AF79C7 /* GTWExpressionEvaluationContext.m */,
				3700DD12183ACFC300AF79C7 /* GTWSimpleQueryEngine.h */,
				3700DD13183ACFC300AF79C7 /* GTWSimpleQueryEngine.m */,
			);
			name = QueryEngines;
			path = SPARQLKit/QueryEngines;
			sourceTree = "<group>";
		};
		3700DD14183ACFC300AF79C7 /* QueryPlanners */ = {
			isa = PBXGroup;
			children = (
				3700DD15183ACFC300AF79C7 /* GTWQueryPlanner.h */,
				3700DD16183ACFC300AF79C7 /* GTWQueryPlanner.m */,
			);
			name = QueryPlanners;
			path = SPARQLKit/QueryPlanners;
			sourceTree = "<group>";
		};
		3700DD17183ACFC300AF79C7 /* RDFParsers */ = {
			isa = PBXGroup;
			children = (
				37E0FE79183C302C00377B1D /* SPKRedlandParser.h */,
				37E0FE7A183C302C00377B1D /* SPKRedlandParser.m */,
				37E0FE7D183C307E00377B1D /* SPKTurtleParser.h */,
				37E0FE7E183C307E00377B1D /* SPKTurtleParser.m */,
			);
			name = RDFParsers;
			path = SPARQLKit/RDFParsers;
			sourceTree = "<group>";
		};
		3700DD1C183ACFC300AF79C7 /* Serializers */ = {
			isa = PBXGroup;
			children = (
				3700DD1D183ACFC300AF79C7 /* GTWNQuadsSerializer.h */,
				3700DD1E183ACFC300AF79C7 /* GTWNQuadsSerializer.m */,
				3700DD1F183ACFC300AF79C7 /* GTWNTriplesSerializer.h */,
				3700DD20183ACFC300AF79C7 /* GTWNTriplesSerializer.m */,
				3700DD21183ACFC300AF79C7 /* GTWSPARQLResultsTextTableSerializer.h */,
				3700DD22183ACFC300AF79C7 /* GTWSPARQLResultsTextTableSerializer.m */,
				3700DD23183ACFC300AF79C7 /* GTWSPARQLResultsXMLSerializer.h */,
				3700DD24183ACFC300AF79C7 /* GTWSPARQLResultsXMLSerializer.m */,
			);
			name = Serializers;
			path = SPARQLKit/Serializers;
			sourceTree = "<group>";
		};
		3700DD25183ACFC300AF79C7 /* SPARQLParser */ = {
			isa = PBXGroup;
			children = (
				37E0FE89183C315700377B1D /* SPKSPARQLParser.h */,
				37E0FE8A183C315700377B1D /* SPKSPARQLParser.m */,
				37E0FE81183C30EE00377B1D /* SPKSPARQLLexer.h */,
				37E0FE82183C30EE00377B1D /* SPKSPARQLLexer.m */,
				37E0FE85183C312000377B1D /* SPKSPARQLToken.h */,
				37E0FE86183C312000377B1D /* SPKSPARQLToken.m */,
			);
			name = SPARQLParser;
			path = SPARQLKit/SPARQLParser;
			sourceTree = "<group>";
		};
		3700DD2C183ACFC300AF79C7 /* Trees */ = {
			isa = PBXGroup;
			children = (
				3700DD2D183ACFC300AF79C7 /* GTWExpression.h */,
				3700DD2E183ACFC300AF79C7 /* GTWExpression.m */,
				3700DD2F183ACFC300AF79C7 /* GTWTree.h */,
				3700DD30183ACFC300AF79C7 /* GTWTree.m */,
				3700DD31183ACFC300AF79C7 /* NSObject+GTWTree.h */,
				3700DD32183ACFC300AF79C7 /* NSObject+GTWTree.m */,
			);
			name = Trees;
			path = SPARQLKit/Trees;
			sourceTree = "<group>";
		};
		3700DD33183ACFC300AF79C7 /* Utilities */ = {
			isa = PBXGroup;
			children = (
				3700DD34183ACFC300AF79C7 /* GTWBlankNodeRenamer.h */,
				3700DD35183ACFC300AF79C7 /* GTWBlankNodeRenamer.m */,
				3700DD38183ACFC300AF79C7 /* NSDate+W3CDTFSupport.h */,
				3700DD39183ACFC300AF79C7 /* NSDate+W3CDTFSupport.m */,
				3700DD3A183ACFC300AF79C7 /* NSObject+NSDictionary_QueryBindings.h */,
				3700DD3B183ACFC300AF79C7 /* NSObject+NSDictionary_QueryBindings.m */,
			);
			name = Utilities;
			path = SPARQLKit/Utilities;
			sourceTree = "<group>";
		};
		3700DD58183AD0BA00AF79C7 /* SPARQLEndpoint */ = {
			isa = PBXGroup;
			children = (
				3700DD59183AD0BA00AF79C7 /* GTWSPARQLConfig.h */,
				3700DD5A183AD0BA00AF79C7 /* GTWSPARQLConfig.m */,
				3700DD5B183AD0BA00AF79C7 /* GTWSPARQLConnection.h */,
				3700DD5C183AD0BA00AF79C7 /* GTWSPARQLConnection.m */,
				3700DD5D183AD0BA00AF79C7 /* GTWSPARQLServer.h */,
				3700DD5E183AD0BA00AF79C7 /* GTWSPARQLServer.m */,
			);
			path = SPARQLEndpoint;
			sourceTree = "<group>";
		};
		3700DD62183AD13400AF79C7 /* SPARQLKit */ = {
			isa = PBXGroup;
			children = (
				3700DDCC183B111300AF79C7 /* SPARQLKit.h */,
				3700DCFD183ACFC300AF79C7 /* DataSources */,
				3700DD04183ACFC300AF79C7 /* Loggers */,
				3700DD07183ACFC300AF79C7 /* Models */,
				3700DD0C183ACFC300AF79C7 /* PluginFramework */,
				3700DD0F183ACFC300AF79C7 /* QueryEngines */,
				3700DD14183ACFC300AF79C7 /* QueryPlanners */,
				3700DD17183ACFC300AF79C7 /* RDFParsers */,
				3700DD1C183ACFC300AF79C7 /* Serializers */,
				3700DD25183ACFC300AF79C7 /* SPARQLParser */,
				3700DD2C183ACFC300AF79C7 /* Trees */,
				3700DD33183ACFC300AF79C7 /* Utilities */,
			);
			name = SPARQLKit;
			sourceTree = "<group>";
		};
		3700DD6A183AD32800AF79C7 /* Other Frameworks */ = {
			isa = PBXGroup;
			children = (
				3700DD6B183AD32800AF79C7 /* Foundation.framework */,
				3700DD6C183AD32800AF79C7 /* CoreData.framework */,
				3700DD6D183AD32800AF79C7 /* AppKit.framework */,
			);
			name = "Other Frameworks";
			sourceTree = "<group>";
		};
		3700DD6F183AD32800AF79C7 /* Supporting Files */ = {
			isa = PBXGroup;
			children = (
				3700DD70183AD32800AF79C7 /* SPARQLKit-Info.plist */,
				3700DD71183AD32900AF79C7 /* InfoPlist.strings */,
				3700DD74183AD32900AF79C7 /* SPARQLKit-Prefix.pch */,
			);
			name = "Supporting Files";
			path = SPARQLKit;
			sourceTree = "<group>";
		};
		37A69FD0183869C7002604B0 /* CocoaHTTPServer */ = {
			isa = PBXGroup;
			children = (
				37A6A00918386A90002604B0 /* CocoaAsyncSocket */,
				37A6A00D18386A90002604B0 /* CocoaLumberjack */,
				37A69FD1183869DD002604B0 /* Categories */,
				37A69FD8183869DD002604B0 /* HTTPAuthenticationRequest.h */,
				37A69FD9183869DD002604B0 /* HTTPAuthenticationRequest.m */,
				37A69FDA183869DD002604B0 /* HTTPConnection.h */,
				37A69FDB183869DD002604B0 /* HTTPConnection.m */,
				37A69FDC183869DD002604B0 /* HTTPLogging.h */,
				37A69FDD183869DD002604B0 /* HTTPMessage.h */,
				37A69FDE183869DD002604B0 /* HTTPMessage.m */,
				37A69FDF183869DD002604B0 /* HTTPResponse.h */,
				37A69FE0183869DD002604B0 /* HTTPServer.h */,
				37A69FE1183869DD002604B0 /* HTTPServer.m */,
				37A69FE2183869DD002604B0 /* Mime */,
				37A69FE9183869DD002604B0 /* Responses */,
				37A69FF6183869DD002604B0 /* WebSocket.h */,
				37A69FF7183869DD002604B0 /* WebSocket.m */,
			);
			name = CocoaHTTPServer;
			sourceTree = "<group>";
		};
		37A69FD1183869DD002604B0 /* Categories */ = {
			isa = PBXGroup;
			children = (
				37A69FD2183869DD002604B0 /* DDData.h */,
				37A69FD3183869DD002604B0 /* DDData.m */,
				37A69FD4183869DD002604B0 /* DDNumber.h */,
				37A69FD5183869DD002604B0 /* DDNumber.m */,
				37A69FD6183869DD002604B0 /* DDRange.h */,
				37A69FD7183869DD002604B0 /* DDRange.m */,
			);
			name = Categories;
			path = CocoaHTTPServer/Categories;
			sourceTree = "<group>";
		};
		37A69FE2183869DD002604B0 /* Mime */ = {
			isa = PBXGroup;
			children = (
				37A69FE3183869DD002604B0 /* MultipartFormDataParser.h */,
				37A69FE4183869DD002604B0 /* MultipartFormDataParser.m */,
				37A69FE5183869DD002604B0 /* MultipartMessageHeader.h */,
				37A69FE6183869DD002604B0 /* MultipartMessageHeader.m */,
				37A69FE7183869DD002604B0 /* MultipartMessageHeaderField.h */,
				37A69FE8183869DD002604B0 /* MultipartMessageHeaderField.m */,
			);
			name = Mime;
			path = CocoaHTTPServer/Mime;
			sourceTree = "<group>";
		};
		37A69FE9183869DD002604B0 /* Responses */ = {
			isa = PBXGroup;
			children = (
				37A69FEA183869DD002604B0 /* HTTPAsyncFileResponse.h */,
				37A69FEB183869DD002604B0 /* HTTPAsyncFileResponse.m */,
				37A69FEC183869DD002604B0 /* HTTPDataResponse.h */,
				37A69FED183869DD002604B0 /* HTTPDataResponse.m */,
				37A69FEE183869DD002604B0 /* HTTPDynamicFileResponse.h */,
				37A69FEF183869DD002604B0 /* HTTPDynamicFileResponse.m */,
				37A69FF0183869DD002604B0 /* HTTPErrorResponse.h */,
				37A69FF1183869DD002604B0 /* HTTPErrorResponse.m */,
				37A69FF2183869DD002604B0 /* HTTPFileResponse.h */,
				37A69FF3183869DD002604B0 /* HTTPFileResponse.m */,
				37A69FF4183869DD002604B0 /* HTTPRedirectResponse.h */,
				37A69FF5183869DD002604B0 /* HTTPRedirectResponse.m */,
			);
			name = Responses;
			path = CocoaHTTPServer/Responses;
			sourceTree = "<group>";
		};
		37A6A00918386A90002604B0 /* CocoaAsyncSocket */ = {
			isa = PBXGroup;
			children = (
				37A6A00A18386A90002604B0 /* About.txt */,
				37A6A00B18386A90002604B0 /* GCDAsyncSocket.h */,
				37A6A00C18386A90002604B0 /* GCDAsyncSocket.m */,
			);
			name = CocoaAsyncSocket;
			path = CocoaHTTPServer/CocoaAsyncSocket;
			sourceTree = "<group>";
		};
		37A6A00D18386A90002604B0 /* CocoaLumberjack */ = {
			isa = PBXGroup;
			children = (
				37A6A00E18386A90002604B0 /* About.txt */,
				37A6A00F18386A90002604B0 /* DDAbstractDatabaseLogger.h */,
				37A6A01018386A90002604B0 /* DDAbstractDatabaseLogger.m */,
				37A6A01118386A90002604B0 /* DDASLLogger.h */,
				37A6A01218386A90002604B0 /* DDASLLogger.m */,
				37A6A01318386A90002604B0 /* DDFileLogger.h */,
				37A6A01418386A90002604B0 /* DDFileLogger.m */,
				37A6A01518386A90002604B0 /* DDLog.h */,
				37A6A01618386A90002604B0 /* DDLog.m */,
				37A6A01718386A90002604B0 /* DDTTYLogger.h */,
				37A6A01818386A90002604B0 /* DDTTYLogger.m */,
				37A6A01918386A90002604B0 /* Extensions */,
			);
			name = CocoaLumberjack;
			path = CocoaHTTPServer/CocoaLumberjack;
			sourceTree = "<group>";
		};
		37A6A01918386A90002604B0 /* Extensions */ = {
			isa = PBXGroup;
			children = (
				37A6A01A18386A90002604B0 /* ContextFilterLogFormatter.h */,
				37A6A01B18386A90002604B0 /* ContextFilterLogFormatter.m */,
				37A6A01C18386A90002604B0 /* DispatchQueueLogFormatter.h */,
				37A6A01D18386A90002604B0 /* DispatchQueueLogFormatter.m */,
				37A6A01E18386A90002604B0 /* README.txt */,
			);
			path = Extensions;
			sourceTree = "<group>";
		};
		37E3D5DA172D647A00F54DC9 = {
			isa = PBXGroup;
			children = (
				37E3D5E8172D647A00F54DC9 /* GTWSPARQLEngine */,
				3700DD6F183AD32800AF79C7 /* Supporting Files */,
				37E3D5E5172D647A00F54DC9 /* Frameworks */,
				37E3D5E4172D647A00F54DC9 /* Products */,
			);
			sourceTree = "<group>";
		};
		37E3D5E4172D647A00F54DC9 /* Products */ = {
			isa = PBXGroup;
			children = (
				37E3D5E3172D647A00F54DC9 /* GTWSPARQLEngine */,
				3700DD68183AD32800AF79C7 /* SPARQLKit.framework */,
			);
			name = Products;
			sourceTree = "<group>";
		};
		37E3D5E5172D647A00F54DC9 /* Frameworks */ = {
			isa = PBXGroup;
			children = (
				3700DDDA183B15C100AF79C7 /* SPARQLKit.framework */,
				37A6A02918386B22002604B0 /* Security.framework */,
				37A6A02718386B0A002604B0 /* Cocoa.framework */,
				37A2619618048FB2008AFED4 /* GTWSWBase.framework */,
				37E3D5E6172D647A00F54DC9 /* CoreFoundation.framework */,
				37BF086E176718A2008B11F8 /* System.framework */,
				37F96DD517AD5CBF00235009 /* GTWSWBase.framework */,
				37A2E1CB1756963C0086CBE7 /* libxml2.dylib */,
				37C37A521739472A0078C98F /* librasqal.3.dylib */,
				37C37A4D1738089E0078C98F /* libraptor2.0.dylib */,
				379247E217ADA46200597746 /* librdf.0.dylib */,
				37A2618618048D95008AFED4 /* XCTest.framework */,
				3700DD6A183AD32800AF79C7 /* Other Frameworks */,
			);
			name = Frameworks;
			sourceTree = "<group>";
		};
		37E3D5E8172D647A00F54DC9 /* GTWSPARQLEngine */ = {
			isa = PBXGroup;
			children = (
				37E3D5E9172D647A00F54DC9 /* main.m */,
				37A69FD0183869C7002604B0 /* CocoaHTTPServer */,
				3700DD58183AD0BA00AF79C7 /* SPARQLEndpoint */,
				3700DCF6183ACF8500AF79C7 /* SPARQLTestHarness */,
				3700DD62183AD13400AF79C7 /* SPARQLKit */,
			);
			path = GTWSPARQLEngine;
			sourceTree = "<group>";
		};
/* End PBXGroup section */

/* Begin PBXHeadersBuildPhase section */
		3700DD65183AD32800AF79C7 /* Headers */ = {
			isa = PBXHeadersBuildPhase;
			buildActionMask = 2147483647;
			files = (
				3700DDCD183B111300AF79C7 /* SPARQLKit.h in Headers */,
				3700DDB4183AD46100AF79C7 /* GTWErrorLogger.h in Headers */,
				3700DDB7183AD46100AF79C7 /* GTWSPARQLDataSourcePlugin.h in Headers */,
				3700DDB8183AD46100AF79C7 /* GTWExpressionEvaluationContext.h in Headers */,
				3700DDB9183AD46100AF79C7 /* GTWSimpleQueryEngine.h in Headers */,
				3700DDBA183AD46100AF79C7 /* GTWQueryPlanner.h in Headers */,
				3700DDBD183AD46100AF79C7 /* GTWNQuadsSerializer.h in Headers */,
				3700DDBE183AD46100AF79C7 /* GTWNTriplesSerializer.h in Headers */,
				3700DDBF183AD46100AF79C7 /* GTWSPARQLResultsTextTableSerializer.h in Headers */,
				3700DDC0183AD46100AF79C7 /* GTWSPARQLResultsXMLSerializer.h in Headers */,
				3700DDC4183AD46100AF79C7 /* GTWExpression.h in Headers */,
				3700DDC5183AD46100AF79C7 /* GTWTree.h in Headers */,
				3700DDC6183AD46100AF79C7 /* NSObject+GTWTree.h in Headers */,
				3700DDC7183AD46100AF79C7 /* GTWBlankNodeRenamer.h in Headers */,
				37E0FE73183C2F5B00377B1D /* SPKQuadModel.h in Headers */,
				37E0FE77183C2FAA00377B1D /* SPKTripleModel.h in Headers */,
				37E0FE6F183C2E0100377B1D /* SPKMemoryQuadStore.h in Headers */,
				37E0FE8B183C315700377B1D /* SPKSPARQLParser.h in Headers */,
				37E0FE87183C312000377B1D /* SPKSPARQLToken.h in Headers */,
				37E0FE83183C30EE00377B1D /* SPKSPARQLLexer.h in Headers */,
				37E0FE7B183C302C00377B1D /* SPKRedlandParser.h in Headers */,
				37E0FE7F183C307E00377B1D /* SPKTurtleParser.h in Headers */,
				37E0FE6A183C2D9A00377B1D /* SPKRedlandTripleStore.h in Headers */,
				3700DDC9183AD46100AF79C7 /* NSDate+W3CDTFSupport.h in Headers */,
				3700DDCA183AD46100AF79C7 /* NSObject+NSDictionary_QueryBindings.h in Headers */,
			);
			runOnlyForDeploymentPostprocessing = 0;
		};
/* End PBXHeadersBuildPhase section */

/* Begin PBXNativeTarget section */
		3700DD67183AD32800AF79C7 /* SPARQLKit */ = {
			isa = PBXNativeTarget;
			buildConfigurationList = 3700DD8A183AD32900AF79C7 /* Build configuration list for PBXNativeTarget "SPARQLKit" */;
			buildPhases = (
				3700DD63183AD32800AF79C7 /* Sources */,
				3700DD64183AD32800AF79C7 /* Frameworks */,
				3700DD65183AD32800AF79C7 /* Headers */,
				3700DD66183AD32800AF79C7 /* Resources */,
			);
			buildRules = (
			);
			dependencies = (
			);
			name = SPARQLKit;
			productName = SPARQLKit;
			productReference = 3700DD68183AD32800AF79C7 /* SPARQLKit.framework */;
			productType = "com.apple.product-type.framework";
		};
		37E3D5E2172D647A00F54DC9 /* GTWSPARQLEngine */ = {
			isa = PBXNativeTarget;
			buildConfigurationList = 37E3D5EF172D647A00F54DC9 /* Build configuration list for PBXNativeTarget "GTWSPARQLEngine" */;
			buildPhases = (
				37E3D5DF172D647A00F54DC9 /* Sources */,
				37E3D5E0172D647A00F54DC9 /* Frameworks */,
				37E3D5E1172D647A00F54DC9 /* CopyFiles */,
			);
			buildRules = (
			);
			dependencies = (
			);
			name = GTWSPARQLEngine;
			productName = SPARQLEngine;
			productReference = 37E3D5E3172D647A00F54DC9 /* GTWSPARQLEngine */;
			productType = "com.apple.product-type.tool";
		};
/* End PBXNativeTarget section */

/* Begin PBXProject section */
		37E3D5DB172D647A00F54DC9 /* Project object */ = {
			isa = PBXProject;
			attributes = {
				LastUpgradeCheck = 0500;
				ORGANIZATIONNAME = "Gregory Williams";
			};
			buildConfigurationList = 37E3D5DE172D647A00F54DC9 /* Build configuration list for PBXProject "GTWSPARQLEngine" */;
			compatibilityVersion = "Xcode 3.2";
			developmentRegion = English;
			hasScannedForEncodings = 0;
			knownRegions = (
				en,
			);
			mainGroup = 37E3D5DA172D647A00F54DC9;
			productRefGroup = 37E3D5E4172D647A00F54DC9 /* Products */;
			projectDirPath = "";
			projectRoot = "";
			targets = (
				37E3D5E2172D647A00F54DC9 /* GTWSPARQLEngine */,
				3700DD67183AD32800AF79C7 /* SPARQLKit */,
			);
		};
/* End PBXProject section */

/* Begin PBXResourcesBuildPhase section */
		3700DD66183AD32800AF79C7 /* Resources */ = {
			isa = PBXResourcesBuildPhase;
			buildActionMask = 2147483647;
			files = (
				3700DD73183AD32900AF79C7 /* InfoPlist.strings in Resources */,
			);
			runOnlyForDeploymentPostprocessing = 0;
		};
/* End PBXResourcesBuildPhase section */

/* Begin PBXSourcesBuildPhase section */
		3700DD63183AD32800AF79C7 /* Sources */ = {
			isa = PBXSourcesBuildPhase;
			buildActionMask = 2147483647;
			files = (
				3700DD9A183AD43400AF79C7 /* GTWErrorLogger.m in Sources */,
				3700DD9D183AD43400AF79C7 /* GTWSPARQLDataSourcePlugin.m in Sources */,
				37E0FE8C183C315700377B1D /* SPKSPARQLParser.m in Sources */,
				3700DD9E183AD43400AF79C7 /* GTWExpressionEvaluationContext.m in Sources */,
				3700DD9F183AD43400AF79C7 /* GTWSimpleQueryEngine.m in Sources */,
				37E0FE84183C30EE00377B1D /* SPKSPARQLLexer.m in Sources */,
				3700DDA0183AD43400AF79C7 /* GTWQueryPlanner.m in Sources */,
				3700DDA3183AD43400AF79C7 /* GTWNQuadsSerializer.m in Sources */,
				3700DDA4183AD43400AF79C7 /* GTWNTriplesSerializer.m in Sources */,
				37E0FE80183C307E00377B1D /* SPKTurtleParser.m in Sources */,
				3700DDA5183AD43400AF79C7 /* GTWSPARQLResultsTextTableSerializer.m in Sources */,
				37E0FE74183C2F5B00377B1D /* SPKQuadModel.m in Sources */,
				3700DDA6183AD43400AF79C7 /* GTWSPARQLResultsXMLSerializer.m in Sources */,
				37E0FE88183C312000377B1D /* SPKSPARQLToken.m in Sources */,
				3700DDAA183AD43400AF79C7 /* GTWExpression.m in Sources */,
				3700DDAB183AD43400AF79C7 /* GTWTree.m in Sources */,
				3700DDAC183AD43400AF79C7 /* NSObject+GTWTree.m in Sources */,
				37E0FE78183C2FAA00377B1D /* SPKTripleModel.m in Sources */,
				37E0FE7C183C302C00377B1D /* SPKRedlandParser.m in Sources */,
				3700DDAD183AD43400AF79C7 /* GTWBlankNodeRenamer.m in Sources */,
				3700DDAF183AD43400AF79C7 /* NSDate+W3CDTFSupport.m in Sources */,
				3700DDB0183AD43400AF79C7 /* NSObject+NSDictionary_QueryBindings.m in Sources */,
				37E0FE70183C2E0100377B1D /* SPKMemoryQuadStore.m in Sources */,
				37E0FE6C183C2D9A00377B1D /* SPKRedlandTripleStore.m in Sources */,
			);
			runOnlyForDeploymentPostprocessing = 0;
		};
		37E3D5DF172D647A00F54DC9 /* Sources */ = {
			isa = PBXSourcesBuildPhase;
			buildActionMask = 2147483647;
			files = (
				3700DDDC183B160200AF79C7 /* main.m in Sources */,
				3700DDDD183B160200AF79C7 /* GCDAsyncSocket.m in Sources */,
				3700DDDE183B160200AF79C7 /* DDAbstractDatabaseLogger.m in Sources */,
				3700DDDF183B160200AF79C7 /* DDASLLogger.m in Sources */,
				3700DDE0183B160200AF79C7 /* DDFileLogger.m in Sources */,
				3700DDE1183B160200AF79C7 /* DDLog.m in Sources */,
				3700DDE2183B160200AF79C7 /* DDTTYLogger.m in Sources */,
				3700DDE3183B160200AF79C7 /* ContextFilterLogFormatter.m in Sources */,
				3700DDE4183B160200AF79C7 /* DispatchQueueLogFormatter.m in Sources */,
				3700DDE5183B160200AF79C7 /* DDData.m in Sources */,
				3700DDE6183B160200AF79C7 /* DDNumber.m in Sources */,
				3700DDE7183B160200AF79C7 /* DDRange.m in Sources */,
				3700DDE8183B160200AF79C7 /* HTTPAuthenticationRequest.m in Sources */,
				3700DDE9183B160200AF79C7 /* HTTPConnection.m in Sources */,
				3700DDEA183B160200AF79C7 /* HTTPMessage.m in Sources */,
				3700DDEB183B160200AF79C7 /* HTTPServer.m in Sources */,
				3700DDEC183B160200AF79C7 /* MultipartFormDataParser.m in Sources */,
				3700DDED183B160200AF79C7 /* MultipartMessageHeader.m in Sources */,
				3700DDEE183B160200AF79C7 /* MultipartMessageHeaderField.m in Sources */,
				3700DDEF183B160200AF79C7 /* HTTPAsyncFileResponse.m in Sources */,
				3700DDF0183B160200AF79C7 /* HTTPDataResponse.m in Sources */,
				3700DDF1183B160200AF79C7 /* HTTPDynamicFileResponse.m in Sources */,
				3700DDF2183B160200AF79C7 /* HTTPErrorResponse.m in Sources */,
				3700DDF3183B160200AF79C7 /* HTTPFileResponse.m in Sources */,
				3700DDF4183B160200AF79C7 /* HTTPRedirectResponse.m in Sources */,
				3700DDF5183B160200AF79C7 /* WebSocket.m in Sources */,
				3700DDF6183B160200AF79C7 /* GTWSPARQLConfig.m in Sources */,
				3700DDF7183B160200AF79C7 /* GTWSPARQLConnection.m in Sources */,
				3700DDF8183B160200AF79C7 /* GTWSPARQLServer.m in Sources */,
				3700DDF9183B160200AF79C7 /* GTWSPARQLTestHarness.m in Sources */,
				3700DDFA183B160200AF79C7 /* GTWSPARQLTestHarnessURLProtocol.m in Sources */,
			);
			runOnlyForDeploymentPostprocessing = 0;
		};
/* End PBXSourcesBuildPhase section */

/* Begin PBXVariantGroup section */
		3700DD71183AD32900AF79C7 /* InfoPlist.strings */ = {
			isa = PBXVariantGroup;
			children = (
				3700DD72183AD32900AF79C7 /* en */,
			);
			name = InfoPlist.strings;
			sourceTree = "<group>";
		};
/* End PBXVariantGroup section */

/* Begin XCBuildConfiguration section */
		3700DD8B183AD32900AF79C7 /* Debug */ = {
			isa = XCBuildConfiguration;
			buildSettings = {
				CLANG_WARN_BOOL_CONVERSION = YES;
				CLANG_WARN_DIRECT_OBJC_ISA_USAGE = YES_ERROR;
				CLANG_WARN_OBJC_ROOT_CLASS = YES_ERROR;
				COMBINE_HIDPI_IMAGES = YES;
				DEPLOYMENT_LOCATION = YES;
				DSTROOT = /;
				DYLIB_COMPATIBILITY_VERSION = 1;
				DYLIB_CURRENT_VERSION = 1;
				FRAMEWORK_SEARCH_PATHS = (
					"$(inherited)",
					"$(USER_LIBRARY_DIR)/Frameworks",
				);
				FRAMEWORK_VERSION = A;
				GCC_PRECOMPILE_PREFIX_HEADER = YES;
				GCC_PREFIX_HEADER = "SPARQLKit/SPARQLKit-Prefix.pch";
				GCC_PREPROCESSOR_DEFINITIONS = (
					"DEBUG=1",
					"$(inherited)",
				);
				GCC_WARN_ABOUT_RETURN_TYPE = YES_ERROR;
				GCC_WARN_UNDECLARED_SELECTOR = YES;
				GCC_WARN_UNUSED_FUNCTION = YES;
				HEADER_SEARCH_PATHS = (
					"$(inherited)",
					/Applications/Xcode.app/Contents/Developer/Toolchains/XcodeDefault.xctoolchain/usr/include,
					/usr/local/include/raptor2,
					/usr/local/include,
					/usr/local/include/rasqal,
					/usr/include/libxml2,
				);
				INFOPLIST_FILE = "SPARQLKit/SPARQLKit-Info.plist";
				INSTALL_PATH = "$(HOME)/Library/Frameworks";
				LIBRARY_SEARCH_PATHS = (
					"$(inherited)",
					/usr/local/Cellar/rasqal/0.9.30/lib,
					/usr/local/Cellar/raptor/2.0.9/lib,
					/usr/local/Cellar/redland/1.0.16/lib,
				);
				MACOSX_DEPLOYMENT_TARGET = 10.9;
				PRODUCT_NAME = "$(TARGET_NAME)";
				WRAPPER_EXTENSION = framework;
			};
			name = Debug;
		};
		3700DD8C183AD32900AF79C7 /* Release */ = {
			isa = XCBuildConfiguration;
			buildSettings = {
				CLANG_WARN_BOOL_CONVERSION = YES;
				CLANG_WARN_DIRECT_OBJC_ISA_USAGE = YES_ERROR;
				CLANG_WARN_OBJC_ROOT_CLASS = YES_ERROR;
				COMBINE_HIDPI_IMAGES = YES;
				DEPLOYMENT_LOCATION = YES;
				DSTROOT = /;
				DYLIB_COMPATIBILITY_VERSION = 1;
				DYLIB_CURRENT_VERSION = 1;
				ENABLE_NS_ASSERTIONS = NO;
				FRAMEWORK_SEARCH_PATHS = (
					"$(inherited)",
					"$(USER_LIBRARY_DIR)/Frameworks",
				);
				FRAMEWORK_VERSION = A;
				GCC_PRECOMPILE_PREFIX_HEADER = YES;
				GCC_PREFIX_HEADER = "SPARQLKit/SPARQLKit-Prefix.pch";
				GCC_WARN_ABOUT_RETURN_TYPE = YES_ERROR;
				GCC_WARN_UNDECLARED_SELECTOR = YES;
				GCC_WARN_UNUSED_FUNCTION = YES;
				HEADER_SEARCH_PATHS = (
					"$(inherited)",
					/Applications/Xcode.app/Contents/Developer/Toolchains/XcodeDefault.xctoolchain/usr/include,
					/usr/local/include/raptor2,
					/usr/local/include,
					/usr/local/include/rasqal,
					/usr/include/libxml2,
				);
				INFOPLIST_FILE = "SPARQLKit/SPARQLKit-Info.plist";
				INSTALL_PATH = "$(HOME)/Library/Frameworks";
				LIBRARY_SEARCH_PATHS = (
					"$(inherited)",
					/usr/local/Cellar/rasqal/0.9.30/lib,
					/usr/local/Cellar/raptor/2.0.9/lib,
					/usr/local/Cellar/redland/1.0.16/lib,
				);
				MACOSX_DEPLOYMENT_TARGET = 10.9;
				PRODUCT_NAME = "$(TARGET_NAME)";
				WRAPPER_EXTENSION = framework;
			};
			name = Release;
		};
		37E3D5ED172D647A00F54DC9 /* Debug */ = {
			isa = XCBuildConfiguration;
			buildSettings = {
				ALWAYS_SEARCH_USER_PATHS = NO;
				CLANG_CXX_LANGUAGE_STANDARD = "gnu++0x";
				CLANG_CXX_LIBRARY = "libc++";
				CLANG_ENABLE_OBJC_ARC = YES;
				CLANG_WARN_CONSTANT_CONVERSION = YES;
				CLANG_WARN_EMPTY_BODY = YES;
				CLANG_WARN_ENUM_CONVERSION = YES;
				CLANG_WARN_INT_CONVERSION = YES;
				CLANG_WARN__DUPLICATE_METHOD_MATCH = YES;
				COPY_PHASE_STRIP = NO;
				GCC_C_LANGUAGE_STANDARD = gnu99;
				GCC_DYNAMIC_NO_PIC = NO;
				GCC_ENABLE_OBJC_EXCEPTIONS = YES;
				GCC_OPTIMIZATION_LEVEL = 0;
				GCC_PREPROCESSOR_DEFINITIONS = (
					"DEBUG=1",
					"$(inherited)",
				);
				GCC_SYMBOLS_PRIVATE_EXTERN = NO;
				GCC_WARN_64_TO_32_BIT_CONVERSION = YES;
				GCC_WARN_ABOUT_RETURN_TYPE = YES;
				GCC_WARN_UNINITIALIZED_AUTOS = YES;
				GCC_WARN_UNUSED_VARIABLE = YES;
				HEADER_SEARCH_PATHS = (
					"$(inherited)",
					/Applications/Xcode.app/Contents/Developer/Toolchains/XcodeDefault.xctoolchain/usr/include,
					/usr/local/include/raptor2,
					/usr/local/include/rasqal,
					/usr/local/include,
					/usr/include/libxml2,
				);
				LLVM_LTO = YES;
				MACOSX_DEPLOYMENT_TARGET = 10.8;
				ONLY_ACTIVE_ARCH = YES;
				RUN_CLANG_STATIC_ANALYZER = YES;
				SDKROOT = macosx;
			};
			name = Debug;
		};
		37E3D5EE172D647A00F54DC9 /* Release */ = {
			isa = XCBuildConfiguration;
			buildSettings = {
				ALWAYS_SEARCH_USER_PATHS = NO;
				CLANG_CXX_LANGUAGE_STANDARD = "gnu++0x";
				CLANG_CXX_LIBRARY = "libc++";
				CLANG_ENABLE_OBJC_ARC = YES;
				CLANG_WARN_CONSTANT_CONVERSION = YES;
				CLANG_WARN_EMPTY_BODY = YES;
				CLANG_WARN_ENUM_CONVERSION = YES;
				CLANG_WARN_INT_CONVERSION = YES;
				CLANG_WARN__DUPLICATE_METHOD_MATCH = YES;
				COPY_PHASE_STRIP = YES;
				DEBUG_INFORMATION_FORMAT = "dwarf-with-dsym";
				GCC_C_LANGUAGE_STANDARD = gnu99;
				GCC_ENABLE_OBJC_EXCEPTIONS = YES;
				GCC_OPTIMIZATION_LEVEL = s;
				GCC_WARN_64_TO_32_BIT_CONVERSION = YES;
				GCC_WARN_ABOUT_RETURN_TYPE = YES;
				GCC_WARN_UNINITIALIZED_AUTOS = YES;
				GCC_WARN_UNUSED_VARIABLE = YES;
				HEADER_SEARCH_PATHS = (
					"$(inherited)",
					/Applications/Xcode.app/Contents/Developer/Toolchains/XcodeDefault.xctoolchain/usr/include,
					/usr/local/include/raptor2,
					/usr/local/include/rasqal,
					/usr/local/include,
					/usr/include/libxml2,
				);
				LLVM_LTO = YES;
				MACOSX_DEPLOYMENT_TARGET = 10.8;
				RUN_CLANG_STATIC_ANALYZER = YES;
				SDKROOT = macosx;
			};
			name = Release;
		};
		37E3D5F0172D647A00F54DC9 /* Debug */ = {
			isa = XCBuildConfiguration;
			buildSettings = {
				ARCHS = "$(ARCHS_STANDARD_64_BIT)";
				FRAMEWORK_SEARCH_PATHS = (
					"$(inherited)",
					"\\\"$(SRCROOT)/../../../../../Library/Developer/Xcode/DerivedData/GTWSWBase-bpvpvhggcugdjxddhvalusjqdjts/Build/Products/Debug\\\"",
					"$(SRCROOT)",
					"$(USER_LIBRARY_DIR)/Frameworks",
				);
				GCC_GENERATE_TEST_COVERAGE_FILES = NO;
				GCC_INSTRUMENT_PROGRAM_FLOW_ARCS = NO;
				HEADER_SEARCH_PATHS = (
					/usr/local/include,
					/usr/local/include/raptor2,
					/usr/include/libxml2,
					/usr/local/include/rasqal,
				);
				LIBRARY_SEARCH_PATHS = (
					"$(inherited)",
					/usr/local/Cellar/redland/1.0.16/lib,
					/usr/local/Cellar/raptor/2.0.9/lib,
					/usr/local/Cellar/rasqal/0.9.30/lib,
					"\"$(SDKROOT)/usr/lib/system\"",
				);
				PRODUCT_NAME = GTWSPARQLEngine;
				RUN_CLANG_STATIC_ANALYZER = NO;
				STRIP_INSTALLED_PRODUCT = NO;
				VALID_ARCHS = x86_64;
			};
			name = Debug;
		};
		37E3D5F1172D647A00F54DC9 /* Release */ = {
			isa = XCBuildConfiguration;
			buildSettings = {
				ARCHS = "$(ARCHS_STANDARD_64_BIT)";
				FRAMEWORK_SEARCH_PATHS = (
					"$(inherited)",
					"\\\"$(SRCROOT)/../../../../../Library/Developer/Xcode/DerivedData/GTWSWBase-bpvpvhggcugdjxddhvalusjqdjts/Build/Products/Debug\\\"",
					"$(SRCROOT)",
					"$(USER_LIBRARY_DIR)/Frameworks",
				);
				GCC_GENERATE_TEST_COVERAGE_FILES = NO;
				GCC_INSTRUMENT_PROGRAM_FLOW_ARCS = NO;
				GCC_OPTIMIZATION_LEVEL = s;
				HEADER_SEARCH_PATHS = (
					/usr/local/include,
					/usr/local/include/raptor2,
					/usr/include/libxml2,
					/usr/local/include/rasqal,
				);
				LIBRARY_SEARCH_PATHS = (
					"$(inherited)",
					/usr/local/Cellar/redland/1.0.16/lib,
					/usr/local/Cellar/raptor/2.0.9/lib,
					/usr/local/Cellar/rasqal/0.9.30/lib,
					"\"$(SDKROOT)/usr/lib/system\"",
				);
				PRODUCT_NAME = GTWSPARQLEngine;
				RUN_CLANG_STATIC_ANALYZER = NO;
				STRIP_INSTALLED_PRODUCT = NO;
				VALID_ARCHS = x86_64;
			};
			name = Release;
		};
/* End XCBuildConfiguration section */

/* Begin XCConfigurationList section */
		3700DD8A183AD32900AF79C7 /* Build configuration list for PBXNativeTarget "SPARQLKit" */ = {
			isa = XCConfigurationList;
			buildConfigurations = (
				3700DD8B183AD32900AF79C7 /* Debug */,
				3700DD8C183AD32900AF79C7 /* Release */,
			);
			defaultConfigurationIsVisible = 0;
			defaultConfigurationName = Release;
		};
		37E3D5DE172D647A00F54DC9 /* Build configuration list for PBXProject "GTWSPARQLEngine" */ = {
			isa = XCConfigurationList;
			buildConfigurations = (
				37E3D5ED172D647A00F54DC9 /* Debug */,
				37E3D5EE172D647A00F54DC9 /* Release */,
			);
			defaultConfigurationIsVisible = 0;
			defaultConfigurationName = Release;
		};
		37E3D5EF172D647A00F54DC9 /* Build configuration list for PBXNativeTarget "GTWSPARQLEngine" */ = {
			isa = XCConfigurationList;
			buildConfigurations = (
				37E3D5F0172D647A00F54DC9 /* Debug */,
				37E3D5F1172D647A00F54DC9 /* Release */,
			);
			defaultConfigurationIsVisible = 0;
			defaultConfigurationName = Release;
		};
/* End XCConfigurationList section */
	};
	rootObject = 37E3D5DB172D647A00F54DC9 /* Project object */;
}
